// !$*UTF8*$!
{
	archiveVersion = 1;
	classes = {
	};
	objectVersion = 50;
	objects = {

/* Begin PBXBuildFile section */
		8754D8EC20F07E35001FFF5B /* AppDelegate.swift in Sources */ = {isa = PBXBuildFile; fileRef = 8754D8EB20F07E35001FFF5B /* AppDelegate.swift */; };
		8754D8F120F07E35001FFF5B /* Main.storyboard in Resources */ = {isa = PBXBuildFile; fileRef = 8754D8EF20F07E35001FFF5B /* Main.storyboard */; };
		8754D8F320F07E36001FFF5B /* Assets.xcassets in Resources */ = {isa = PBXBuildFile; fileRef = 8754D8F220F07E36001FFF5B /* Assets.xcassets */; };
		8754D8F620F07E36001FFF5B /* LaunchScreen.storyboard in Resources */ = {isa = PBXBuildFile; fileRef = 8754D8F420F07E36001FFF5B /* LaunchScreen.storyboard */; };
		8754D90B20F08070001FFF5B /* Utils.swift in Sources */ = {isa = PBXBuildFile; fileRef = 8754D8FF20F0806F001FFF5B /* Utils.swift */; };
		8754D90D20F08070001FFF5B /* GettingStartedWithRxSwift.swift in Sources */ = {isa = PBXBuildFile; fileRef = 8754D90220F08070001FFF5B /* GettingStartedWithRxSwift.swift */; };
		8754D91020F08070001FFF5B /* BlackJack.swift in Sources */ = {isa = PBXBuildFile; fileRef = 8754D90920F08070001FFF5B /* BlackJack.swift */; };
		8754D91120F08070001FFF5B /* TableViewController.swift in Sources */ = {isa = PBXBuildFile; fileRef = 8754D90A20F08070001FFF5B /* TableViewController.swift */; };
		920E97BAEFDEE46349AF4C45 /* Pods_RxSwiftExamples1.framework in Frameworks */ = {isa = PBXBuildFile; fileRef = 9899D470F4BD54720BFE33AB /* Pods_RxSwiftExamples1.framework */; };
/* End PBXBuildFile section */

/* Begin PBXFileReference section */
		8754D8E820F07E35001FFF5B /* RxSwiftExamples1.app */ = {isa = PBXFileReference; explicitFileType = wrapper.application; includeInIndex = 0; path = RxSwiftExamples1.app; sourceTree = BUILT_PRODUCTS_DIR; };
		8754D8EB20F07E35001FFF5B /* AppDelegate.swift */ = {isa = PBXFileReference; lastKnownFileType = sourcecode.swift; path = AppDelegate.swift; sourceTree = "<group>"; };
		8754D8F020F07E35001FFF5B /* Base */ = {isa = PBXFileReference; lastKnownFileType = file.storyboard; name = Base; path = Base.lproj/Main.storyboard; sourceTree = "<group>"; };
		8754D8F220F07E36001FFF5B /* Assets.xcassets */ = {isa = PBXFileReference; lastKnownFileType = folder.assetcatalog; path = Assets.xcassets; sourceTree = "<group>"; };
		8754D8F520F07E36001FFF5B /* Base */ = {isa = PBXFileReference; lastKnownFileType = file.storyboard; name = Base; path = Base.lproj/LaunchScreen.storyboard; sourceTree = "<group>"; };
		8754D8F720F07E36001FFF5B /* Info.plist */ = {isa = PBXFileReference; lastKnownFileType = text.plist.xml; path = Info.plist; sourceTree = "<group>"; };
		8754D8FF20F0806F001FFF5B /* Utils.swift */ = {isa = PBXFileReference; fileEncoding = 4; lastKnownFileType = sourcecode.swift; path = Utils.swift; sourceTree = "<group>"; };
		8754D90220F08070001FFF5B /* GettingStartedWithRxSwift.swift */ = {isa = PBXFileReference; fileEncoding = 4; lastKnownFileType = sourcecode.swift; path = GettingStartedWithRxSwift.swift; sourceTree = "<group>"; };
		8754D90920F08070001FFF5B /* BlackJack.swift */ = {isa = PBXFileReference; fileEncoding = 4; lastKnownFileType = sourcecode.swift; path = BlackJack.swift; sourceTree = "<group>"; };
		8754D90A20F08070001FFF5B /* TableViewController.swift */ = {isa = PBXFileReference; fileEncoding = 4; lastKnownFileType = sourcecode.swift; path = TableViewController.swift; sourceTree = "<group>"; };
		9899D470F4BD54720BFE33AB /* Pods_RxSwiftExamples1.framework */ = {isa = PBXFileReference; explicitFileType = wrapper.framework; includeInIndex = 0; path = Pods_RxSwiftExamples1.framework; sourceTree = BUILT_PRODUCTS_DIR; };
		BB567A8CF16CEEE678E02BA3 /* Pods-RxSwiftExamples1.release.xcconfig */ = {isa = PBXFileReference; includeInIndex = 1; lastKnownFileType = text.xcconfig; name = "Pods-RxSwiftExamples1.release.xcconfig"; path = "Pods/Target Support Files/Pods-RxSwiftExamples1/Pods-RxSwiftExamples1.release.xcconfig"; sourceTree = "<group>"; };
		F75F7550E6D9F560E863BB9F /* Pods-RxSwiftExamples1.debug.xcconfig */ = {isa = PBXFileReference; includeInIndex = 1; lastKnownFileType = text.xcconfig; name = "Pods-RxSwiftExamples1.debug.xcconfig"; path = "Pods/Target Support Files/Pods-RxSwiftExamples1/Pods-RxSwiftExamples1.debug.xcconfig"; sourceTree = "<group>"; };
/* End PBXFileReference section */

/* Begin PBXFrameworksBuildPhase section */
		8754D8E520F07E35001FFF5B /* Frameworks */ = {
			isa = PBXFrameworksBuildPhase;
			buildActionMask = 2147483647;
			files = (
				920E97BAEFDEE46349AF4C45 /* Pods_RxSwiftExamples1.framework in Frameworks */,
			);
			runOnlyForDeploymentPostprocessing = 0;
		};
/* End PBXFrameworksBuildPhase section */

/* Begin PBXGroup section */
		2A0D6CBA8EC51192AABE1E81 /* Frameworks */ = {
			isa = PBXGroup;
			children = (
				9899D470F4BD54720BFE33AB /* Pods_RxSwiftExamples1.framework */,
			);
			name = Frameworks;
			sourceTree = "<group>";
		};
		8754D8DF20F07E35001FFF5B = {
			isa = PBXGroup;
			children = (
				8754D8EA20F07E35001FFF5B /* RxSwiftExamples1 */,
				8754D8E920F07E35001FFF5B /* Products */,
				F741FB07CCDA857A0C18205C /* Pods */,
				2A0D6CBA8EC51192AABE1E81 /* Frameworks */,
			);
			sourceTree = "<group>";
		};
		8754D8E920F07E35001FFF5B /* Products */ = {
			isa = PBXGroup;
			children = (
				8754D8E820F07E35001FFF5B /* RxSwiftExamples1.app */,
			);
			name = Products;
			sourceTree = "<group>";
		};
		8754D8EA20F07E35001FFF5B /* RxSwiftExamples1 */ = {
			isa = PBXGroup;
			children = (
				8754D8EB20F07E35001FFF5B /* AppDelegate.swift */,
				8754D90120F08070001FFF5B /* Examples */,
				8754D8F720F07E36001FFF5B /* Info.plist */,
				8754D8F420F07E36001FFF5B /* LaunchScreen.storyboard */,
				8754D8EF20F07E35001FFF5B /* Main.storyboard */,
				8754D90820F08070001FFF5B /* Projects */,
				8754D90A20F08070001FFF5B /* TableViewController.swift */,
				8754D8FF20F0806F001FFF5B /* Utils.swift */,
				8754D8F220F07E36001FFF5B /* Assets.xcassets */,
			);
			path = RxSwiftExamples1;
			sourceTree = "<group>";
		};
		8754D90120F08070001FFF5B /* Examples */ = {
			isa = PBXGroup;
			children = (
				8754D90220F08070001FFF5B /* GettingStartedWithRxSwift.swift */,
			);
			path = Examples;
			sourceTree = "<group>";
		};
		8754D90820F08070001FFF5B /* Projects */ = {
			isa = PBXGroup;
			children = (
				8754D90920F08070001FFF5B /* BlackJack.swift */,
			);
			path = Projects;
			sourceTree = "<group>";
		};
		F741FB07CCDA857A0C18205C /* Pods */ = {
			isa = PBXGroup;
			children = (
				F75F7550E6D9F560E863BB9F /* Pods-RxSwiftExamples1.debug.xcconfig */,
				BB567A8CF16CEEE678E02BA3 /* Pods-RxSwiftExamples1.release.xcconfig */,
			);
			name = Pods;
			sourceTree = "<group>";
		};
/* End PBXGroup section */

/* Begin PBXNativeTarget section */
		8754D8E720F07E35001FFF5B /* RxSwiftExamples1 */ = {
			isa = PBXNativeTarget;
			buildConfigurationList = 8754D8FA20F07E36001FFF5B /* Build configuration list for PBXNativeTarget "RxSwiftExamples1" */;
			buildPhases = (
				767B6774867A2F70AB8543CF /* [CP] Check Pods Manifest.lock */,
				8754D8E420F07E35001FFF5B /* Sources */,
				8754D8E520F07E35001FFF5B /* Frameworks */,
				8754D8E620F07E35001FFF5B /* Resources */,
				F249574FA4E5F816C86CF4CE /* [CP] Embed Pods Frameworks */,
			);
			buildRules = (
			);
			dependencies = (
			);
			name = RxSwiftExamples1;
			productName = RxSwiftExamples1;
			productReference = 8754D8E820F07E35001FFF5B /* RxSwiftExamples1.app */;
			productType = "com.apple.product-type.application";
		};
/* End PBXNativeTarget section */

/* Begin PBXProject section */
		8754D8E020F07E35001FFF5B /* Project object */ = {
			isa = PBXProject;
			attributes = {
				LastSwiftUpdateCheck = 0940;
				LastUpgradeCheck = 0940;
				ORGANIZATIONNAME = yuaming;
				TargetAttributes = {
					8754D8E720F07E35001FFF5B = {
						CreatedOnToolsVersion = 9.4.1;
					};
				};
			};
			buildConfigurationList = 8754D8E320F07E35001FFF5B /* Build configuration list for PBXProject "RxSwiftExamples1" */;
			compatibilityVersion = "Xcode 9.3";
			developmentRegion = en;
			hasScannedForEncodings = 0;
			knownRegions = (
				en,
				Base,
			);
			mainGroup = 8754D8DF20F07E35001FFF5B;
			productRefGroup = 8754D8E920F07E35001FFF5B /* Products */;
			projectDirPath = "";
			projectRoot = "";
			targets = (
				8754D8E720F07E35001FFF5B /* RxSwiftExamples1 */,
			);
		};
/* End PBXProject section */

/* Begin PBXResourcesBuildPhase section */
		8754D8E620F07E35001FFF5B /* Resources */ = {
			isa = PBXResourcesBuildPhase;
			buildActionMask = 2147483647;
			files = (
				8754D8F620F07E36001FFF5B /* LaunchScreen.storyboard in Resources */,
				8754D8F320F07E36001FFF5B /* Assets.xcassets in Resources */,
				8754D8F120F07E35001FFF5B /* Main.storyboard in Resources */,
			);
			runOnlyForDeploymentPostprocessing = 0;
		};
/* End PBXResourcesBuildPhase section */

/* Begin PBXShellScriptBuildPhase section */
		767B6774867A2F70AB8543CF /* [CP] Check Pods Manifest.lock */ = {
			isa = PBXShellScriptBuildPhase;
			buildActionMask = 2147483647;
			files = (
			);
			inputPaths = (
				"${PODS_PODFILE_DIR_PATH}/Podfile.lock",
				"${PODS_ROOT}/Manifest.lock",
			);
			name = "[CP] Check Pods Manifest.lock";
			outputPaths = (
				"$(DERIVED_FILE_DIR)/Pods-RxSwiftExamples1-checkManifestLockResult.txt",
			);
			runOnlyForDeploymentPostprocessing = 0;
			shellPath = /bin/sh;
			shellScript = "diff \"${PODS_PODFILE_DIR_PATH}/Podfile.lock\" \"${PODS_ROOT}/Manifest.lock\" > /dev/null\nif [ $? != 0 ] ; then\n    # print error to STDERR\n    echo \"error: The sandbox is not in sync with the Podfile.lock. Run 'pod install' or update your CocoaPods installation.\" >&2\n    exit 1\nfi\n# This output is used by Xcode 'outputs' to avoid re-running this script phase.\necho \"SUCCESS\" > \"${SCRIPT_OUTPUT_FILE_0}\"\n";
			showEnvVarsInLog = 0;
		};
		F249574FA4E5F816C86CF4CE /* [CP] Embed Pods Frameworks */ = {
			isa = PBXShellScriptBuildPhase;
			buildActionMask = 2147483647;
			files = (
			);
			inputPaths = (
				"${SRCROOT}/Pods/Target Support Files/Pods-RxSwiftExamples1/Pods-RxSwiftExamples1-frameworks.sh",
				"${BUILT_PRODUCTS_DIR}/RxCocoa/RxCocoa.framework",
				"${BUILT_PRODUCTS_DIR}/RxSwift/RxSwift.framework",
			);
			name = "[CP] Embed Pods Frameworks";
			outputPaths = (
				"${TARGET_BUILD_DIR}/${FRAMEWORKS_FOLDER_PATH}/RxCocoa.framework",
				"${TARGET_BUILD_DIR}/${FRAMEWORKS_FOLDER_PATH}/RxSwift.framework",
			);
			runOnlyForDeploymentPostprocessing = 0;
			shellPath = /bin/sh;
			shellScript = "\"${SRCROOT}/Pods/Target Support Files/Pods-RxSwiftExamples1/Pods-RxSwiftExamples1-frameworks.sh\"\n";
			showEnvVarsInLog = 0;
		};
/* End PBXShellScriptBuildPhase section */

/* Begin PBXSourcesBuildPhase section */
		8754D8E420F07E35001FFF5B /* Sources */ = {
			isa = PBXSourcesBuildPhase;
			buildActionMask = 2147483647;
			files = (
				8754D91120F08070001FFF5B /* TableViewController.swift in Sources */,
				8754D8EC20F07E35001FFF5B /* AppDelegate.swift in Sources */,
				8754D90D20F08070001FFF5B /* GettingStartedWithRxSwift.swift in Sources */,
				8754D90B20F08070001FFF5B /* Utils.swift in Sources */,
				8754D91020F08070001FFF5B /* BlackJack.swift in Sources */,
			);
			runOnlyForDeploymentPostprocessing = 0;
		};
/* End PBXSourcesBuildPhase section */

/* Begin PBXVariantGroup section */
		8754D8EF20F07E35001FFF5B /* Main.storyboard */ = {
			isa = PBXVariantGroup;
			children = (
				8754D8F020F07E35001FFF5B /* Base */,
			);
			name = Main.storyboard;
			sourceTree = "<group>";
		};
		8754D8F420F07E36001FFF5B /* LaunchScreen.storyboard */ = {
			isa = PBXVariantGroup;
			children = (
				8754D8F520F07E36001FFF5B /* Base */,
			);
			name = LaunchScreen.storyboard;
			sourceTree = "<group>";
		};
/* End PBXVariantGroup section */

/* Begin XCBuildConfiguration section */
		8754D8F820F07E36001FFF5B /* Debug */ = {
			isa = XCBuildConfiguration;
			buildSettings = {
				ALWAYS_SEARCH_USER_PATHS = NO;
				CLANG_ANALYZER_NONNULL = YES;
				CLANG_ANALYZER_NUMBER_OBJECT_CONVERSION = YES_AGGRESSIVE;
				CLANG_CXX_LANGUAGE_STANDARD = "gnu++14";
				CLANG_CXX_LIBRARY = "libc++";
				CLANG_ENABLE_MODULES = YES;
				CLANG_ENABLE_OBJC_ARC = YES;
				CLANG_ENABLE_OBJC_WEAK = YES;
				CLANG_WARN_BLOCK_CAPTURE_AUTORELEASING = YES;
				CLANG_WARN_BOOL_CONVERSION = YES;
				CLANG_WARN_COMMA = YES;
				CLANG_WARN_CONSTANT_CONVERSION = YES;
				CLANG_WARN_DEPRECATED_OBJC_IMPLEMENTATIONS = YES;
				CLANG_WARN_DIRECT_OBJC_ISA_USAGE = YES_ERROR;
				CLANG_WARN_DOCUMENTATION_COMMENTS = YES;
				CLANG_WARN_EMPTY_BODY = YES;
				CLANG_WARN_ENUM_CONVERSION = YES;
				CLANG_WARN_INFINITE_RECURSION = YES;
				CLANG_WARN_INT_CONVERSION = YES;
				CLANG_WARN_NON_LITERAL_NULL_CONVERSION = YES;
				CLANG_WARN_OBJC_IMPLICIT_RETAIN_SELF = YES;
				CLANG_WARN_OBJC_LITERAL_CONVERSION = YES;
				CLANG_WARN_OBJC_ROOT_CLASS = YES_ERROR;
				CLANG_WARN_RANGE_LOOP_ANALYSIS = YES;
				CLANG_WARN_STRICT_PROTOTYPES = YES;
				CLANG_WARN_SUSPICIOUS_MOVE = YES;
				CLANG_WARN_UNGUARDED_AVAILABILITY = YES_AGGRESSIVE;
				CLANG_WARN_UNREACHABLE_CODE = YES;
				CLANG_WARN__DUPLICATE_METHOD_MATCH = YES;
				CODE_SIGN_IDENTITY = "iPhone Developer";
				COPY_PHASE_STRIP = NO;
				DEBUG_INFORMATION_FORMAT = dwarf;
				ENABLE_STRICT_OBJC_MSGSEND = YES;
				ENABLE_TESTABILITY = YES;
				GCC_C_LANGUAGE_STANDARD = gnu11;
				GCC_DYNAMIC_NO_PIC = NO;
				GCC_NO_COMMON_BLOCKS = YES;
				GCC_OPTIMIZATION_LEVEL = 0;
				GCC_PREPROCESSOR_DEFINITIONS = (
					"DEBUG=1",
					"$(inherited)",
				);
				GCC_WARN_64_TO_32_BIT_CONVERSION = YES;
				GCC_WARN_ABOUT_RETURN_TYPE = YES_ERROR;
				GCC_WARN_UNDECLARED_SELECTOR = YES;
				GCC_WARN_UNINITIALIZED_AUTOS = YES_AGGRESSIVE;
				GCC_WARN_UNUSED_FUNCTION = YES;
				GCC_WARN_UNUSED_VARIABLE = YES;
				IPHONEOS_DEPLOYMENT_TARGET = 11.4;
				MTL_ENABLE_DEBUG_INFO = YES;
				ONLY_ACTIVE_ARCH = YES;
				SDKROOT = iphoneos;
				SWIFT_ACTIVE_COMPILATION_CONDITIONS = DEBUG;
				SWIFT_OPTIMIZATION_LEVEL = "-Onone";
			};
			name = Debug;
		};
		8754D8F920F07E36001FFF5B /* Release */ = {
			isa = XCBuildConfiguration;
			buildSettings = {
				ALWAYS_SEARCH_USER_PATHS = NO;
				CLANG_ANALYZER_NONNULL = YES;
				CLANG_ANALYZER_NUMBER_OBJECT_CONVERSION = YES_AGGRESSIVE;
				CLANG_CXX_LANGUAGE_STANDARD = "gnu++14";
				CLANG_CXX_LIBRARY = "libc++";
				CLANG_ENABLE_MODULES = YES;
				CLANG_ENABLE_OBJC_ARC = YES;
				CLANG_ENABLE_OBJC_WEAK = YES;
				CLANG_WARN_BLOCK_CAPTURE_AUTORELEASING = YES;
				CLANG_WARN_BOOL_CONVERSION = YES;
				CLANG_WARN_COMMA = YES;
				CLANG_WARN_CONSTANT_CONVERSION = YES;
				CLANG_WARN_DEPRECATED_OBJC_IMPLEMENTATIONS = YES;
				CLANG_WARN_DIRECT_OBJC_ISA_USAGE = YES_ERROR;
				CLANG_WARN_DOCUMENTATION_COMMENTS = YES;
				CLANG_WARN_EMPTY_BODY = YES;
				CLANG_WARN_ENUM_CONVERSION = YES;
				CLANG_WARN_INFINITE_RECURSION = YES;
				CLANG_WARN_INT_CONVERSION = YES;
				CLANG_WARN_NON_LITERAL_NULL_CONVERSION = YES;
				CLANG_WARN_OBJC_IMPLICIT_RETAIN_SELF = YES;
				CLANG_WARN_OBJC_LITERAL_CONVERSION = YES;
				CLANG_WARN_OBJC_ROOT_CLASS = YES_ERROR;
				CLANG_WARN_RANGE_LOOP_ANALYSIS = YES;
				CLANG_WARN_STRICT_PROTOTYPES = YES;
				CLANG_WARN_SUSPICIOUS_MOVE = YES;
				CLANG_WARN_UNGUARDED_AVAILABILITY = YES_AGGRESSIVE;
				CLANG_WARN_UNREACHABLE_CODE = YES;
				CLANG_WARN__DUPLICATE_METHOD_MATCH = YES;
				CODE_SIGN_IDENTITY = "iPhone Developer";
				COPY_PHASE_STRIP = NO;
				DEBUG_INFORMATION_FORMAT = "dwarf-with-dsym";
				ENABLE_NS_ASSERTIONS = NO;
				ENABLE_STRICT_OBJC_MSGSEND = YES;
				GCC_C_LANGUAGE_STANDARD = gnu11;
				GCC_NO_COMMON_BLOCKS = YES;
				GCC_WARN_64_TO_32_BIT_CONVERSION = YES;
				GCC_WARN_ABOUT_RETURN_TYPE = YES_ERROR;
				GCC_WARN_UNDECLARED_SELECTOR = YES;
				GCC_WARN_UNINITIALIZED_AUTOS = YES_AGGRESSIVE;
				GCC_WARN_UNUSED_FUNCTION = YES;
				GCC_WARN_UNUSED_VARIABLE = YES;
				IPHONEOS_DEPLOYMENT_TARGET = 11.4;
				MTL_ENABLE_DEBUG_INFO = NO;
				SDKROOT = iphoneos;
				SWIFT_COMPILATION_MODE = wholemodule;
				SWIFT_OPTIMIZATION_LEVEL = "-O";
				VALIDATE_PRODUCT = YES;
			};
			name = Release;
		};
		8754D8FB20F07E36001FFF5B /* Debug */ = {
			isa = XCBuildConfiguration;
			baseConfigurationReference = F75F7550E6D9F560E863BB9F /* Pods-RxSwiftExamples1.debug.xcconfig */;
			buildSettings = {
				ASSETCATALOG_COMPILER_APPICON_NAME = AppIcon;
				CODE_SIGN_STYLE = Automatic;
				DEVELOPMENT_TEAM = T393J4TVCC;
				INFOPLIST_FILE = RxSwiftExamples1/Info.plist;
				LD_RUNPATH_SEARCH_PATHS = (
					"$(inherited)",
					"@executable_path/Frameworks",
				);
				PRODUCT_BUNDLE_IDENTIFIER = com.yuaming.RxSwiftExamples1;
				PRODUCT_NAME = "$(TARGET_NAME)";
				SWIFT_VERSION = 4.0;
				TARGETED_DEVICE_FAMILY = "1,2";
			};
			name = Debug;
		};
		8754D8FC20F07E36001FFF5B /* Release */ = {
			isa = XCBuildConfiguration;
			baseConfigurationReference = BB567A8CF16CEEE678E02BA3 /* Pods-RxSwiftExamples1.release.xcconfig */;
			buildSettings = {
				ASSETCATALOG_COMPILER_APPICON_NAME = AppIcon;
				CODE_SIGN_STYLE = Automatic;
				DEVELOPMENT_TEAM = T393J4TVCC;
				INFOPLIST_FILE = RxSwiftExamples1/Info.plist;
				LD_RUNPATH_SEARCH_PATHS = (
					"$(inherited)",
					"@executable_path/Frameworks",
				);
				PRODUCT_BUNDLE_IDENTIFIER = com.yuaming.RxSwiftExamples1;
				PRODUCT_NAME = "$(TARGET_NAME)";
				SWIFT_VERSION = 4.0;
				TARGETED_DEVICE_FAMILY = "1,2";
			};
			name = Release;
		};
/* End XCBuildConfiguration section */

/* Begin XCConfigurationList section */
		8754D8E320F07E35001FFF5B /* Build configuration list for PBXProject "RxSwiftExamples1" */ = {
			isa = XCConfigurationList;
			buildConfigurations = (
				8754D8F820F07E36001FFF5B /* Debug */,
				8754D8F920F07E36001FFF5B /* Release */,
			);
			defaultConfigurationIsVisible = 0;
			defaultConfigurationName = Release;
		};
		8754D8FA20F07E36001FFF5B /* Build configuration list for PBXNativeTarget "RxSwiftExamples1" */ = {
			isa = XCConfigurationList;
			buildConfigurations = (
				8754D8FB20F07E36001FFF5B /* Debug */,
				8754D8FC20F07E36001FFF5B /* Release */,
			);
			defaultConfigurationIsVisible = 0;
			defaultConfigurationName = Release;
		};
/* End XCConfigurationList section */
	};
	rootObject = 8754D8E020F07E35001FFF5B /* Project object */;
}
