// !$*UTF8*$!
{
	archiveVersion = 1;
	classes = {
	};
	objectVersion = 50;
	objects = {

/* Begin PBXBuildFile section */
		4CE4014E1E685A7C5D1CD1B7 /* Pods_RxSwiftExamples1.framework in Frameworks */ = {isa = PBXBuildFile; fileRef = 19FC46BEF8E1CA5CD766AAE3 /* Pods_RxSwiftExamples1.framework */; };
		870988B1211E88AE00F4E9EF /* ObservableExamples.swift in Sources */ = {isa = PBXBuildFile; fileRef = 870988B0211E88AE00F4E9EF /* ObservableExamples.swift */; };
		870988B3211E897000F4E9EF /* SubjectExamples.swift in Sources */ = {isa = PBXBuildFile; fileRef = 870988B2211E897000F4E9EF /* SubjectExamples.swift */; };
		870988B5211E8B2E00F4E9EF /* Utils.swift in Sources */ = {isa = PBXBuildFile; fileRef = 870988B4211E8B2E00F4E9EF /* Utils.swift */; };
		870988B7211E918A00F4E9EF /* FilteringOperatorExamples.swift in Sources */ = {isa = PBXBuildFile; fileRef = 870988B6211E918A00F4E9EF /* FilteringOperatorExamples.swift */; };
		870988B9211E91C500F4E9EF /* BaseClass.swift in Sources */ = {isa = PBXBuildFile; fileRef = 870988B8211E91C500F4E9EF /* BaseClass.swift */; };
		872A9BFF21148B7200AAAE9D /* AppDelegate.swift in Sources */ = {isa = PBXBuildFile; fileRef = 872A9BFE21148B7200AAAE9D /* AppDelegate.swift */; };
		872A9C0121148B7300AAAE9D /* Assets.xcassets in Resources */ = {isa = PBXBuildFile; fileRef = 872A9C0021148B7300AAAE9D /* Assets.xcassets */; };
		872A9C0421148B7300AAAE9D /* MainMenu.xib in Resources */ = {isa = PBXBuildFile; fileRef = 872A9C0221148B7300AAAE9D /* MainMenu.xib */; };
		872A9C1121148BD700AAAE9D /* BlackJack.swift in Sources */ = {isa = PBXBuildFile; fileRef = 872A9C0E21148BD600AAAE9D /* BlackJack.swift */; };
		872A9C1221148BD700AAAE9D /* main.swift in Sources */ = {isa = PBXBuildFile; fileRef = 872A9C0F21148BD700AAAE9D /* main.swift */; };
		8753B81F211F04C000E475CC /* TransformingOperatorExamples.swift in Sources */ = {isa = PBXBuildFile; fileRef = 8753B81E211F04C000E475CC /* TransformingOperatorExamples.swift */; };
		87785CC8216CBAA1009FE812 /* SchedulerExamples.swift in Sources */ = {isa = PBXBuildFile; fileRef = 87785CC7216CBAA1009FE812 /* SchedulerExamples.swift */; };
		87ABD3CE2121BFA800EDFA83 /* CombiningOperatorExamples.swift in Sources */ = {isa = PBXBuildFile; fileRef = 87ABD3CD2121BFA800EDFA83 /* CombiningOperatorExamples.swift */; };
/* End PBXBuildFile section */

/* Begin PBXFileReference section */
		19FC46BEF8E1CA5CD766AAE3 /* Pods_RxSwiftExamples1.framework */ = {isa = PBXFileReference; explicitFileType = wrapper.framework; includeInIndex = 0; path = Pods_RxSwiftExamples1.framework; sourceTree = BUILT_PRODUCTS_DIR; };
		213A2AF29F947FEF8FC527C7 /* Pods-RxSwiftExamples1.release.xcconfig */ = {isa = PBXFileReference; includeInIndex = 1; lastKnownFileType = text.xcconfig; name = "Pods-RxSwiftExamples1.release.xcconfig"; path = "Pods/Target Support Files/Pods-RxSwiftExamples1/Pods-RxSwiftExamples1.release.xcconfig"; sourceTree = "<group>"; };
		870988B0211E88AE00F4E9EF /* ObservableExamples.swift */ = {isa = PBXFileReference; lastKnownFileType = sourcecode.swift; path = ObservableExamples.swift; sourceTree = "<group>"; };
		870988B2211E897000F4E9EF /* SubjectExamples.swift */ = {isa = PBXFileReference; lastKnownFileType = sourcecode.swift; path = SubjectExamples.swift; sourceTree = "<group>"; };
		870988B4211E8B2E00F4E9EF /* Utils.swift */ = {isa = PBXFileReference; lastKnownFileType = sourcecode.swift; path = Utils.swift; sourceTree = "<group>"; };
		870988B6211E918A00F4E9EF /* FilteringOperatorExamples.swift */ = {isa = PBXFileReference; lastKnownFileType = sourcecode.swift; path = FilteringOperatorExamples.swift; sourceTree = "<group>"; };
		870988B8211E91C500F4E9EF /* BaseClass.swift */ = {isa = PBXFileReference; lastKnownFileType = sourcecode.swift; path = BaseClass.swift; sourceTree = "<group>"; };
		872A9BFB21148B7200AAAE9D /* RxSwiftExamples1.app */ = {isa = PBXFileReference; explicitFileType = wrapper.application; includeInIndex = 0; path = RxSwiftExamples1.app; sourceTree = BUILT_PRODUCTS_DIR; };
		872A9BFE21148B7200AAAE9D /* AppDelegate.swift */ = {isa = PBXFileReference; lastKnownFileType = sourcecode.swift; path = AppDelegate.swift; sourceTree = "<group>"; };
		872A9C0021148B7300AAAE9D /* Assets.xcassets */ = {isa = PBXFileReference; lastKnownFileType = folder.assetcatalog; path = Assets.xcassets; sourceTree = "<group>"; };
		872A9C0321148B7300AAAE9D /* Base */ = {isa = PBXFileReference; lastKnownFileType = file.xib; name = Base; path = Base.lproj/MainMenu.xib; sourceTree = "<group>"; };
		872A9C0521148B7300AAAE9D /* Info.plist */ = {isa = PBXFileReference; lastKnownFileType = text.plist.xml; path = Info.plist; sourceTree = "<group>"; };
		872A9C0621148B7300AAAE9D /* RxSwiftExamples1.entitlements */ = {isa = PBXFileReference; lastKnownFileType = text.plist.entitlements; path = RxSwiftExamples1.entitlements; sourceTree = "<group>"; };
		872A9C0E21148BD600AAAE9D /* BlackJack.swift */ = {isa = PBXFileReference; fileEncoding = 4; lastKnownFileType = sourcecode.swift; path = BlackJack.swift; sourceTree = "<group>"; };
		872A9C0F21148BD700AAAE9D /* main.swift */ = {isa = PBXFileReference; fileEncoding = 4; lastKnownFileType = sourcecode.swift; path = main.swift; sourceTree = "<group>"; };
		8753B81E211F04C000E475CC /* TransformingOperatorExamples.swift */ = {isa = PBXFileReference; lastKnownFileType = sourcecode.swift; path = TransformingOperatorExamples.swift; sourceTree = "<group>"; };
		87785CC7216CBAA1009FE812 /* SchedulerExamples.swift */ = {isa = PBXFileReference; lastKnownFileType = sourcecode.swift; path = SchedulerExamples.swift; sourceTree = "<group>"; };
		87ABD3CD2121BFA800EDFA83 /* CombiningOperatorExamples.swift */ = {isa = PBXFileReference; lastKnownFileType = sourcecode.swift; path = CombiningOperatorExamples.swift; sourceTree = "<group>"; };
		A224E0E4BAA0C225A569951D /* Pods-RxSwiftExamples1.debug.xcconfig */ = {isa = PBXFileReference; includeInIndex = 1; lastKnownFileType = text.xcconfig; name = "Pods-RxSwiftExamples1.debug.xcconfig"; path = "Pods/Target Support Files/Pods-RxSwiftExamples1/Pods-RxSwiftExamples1.debug.xcconfig"; sourceTree = "<group>"; };
/* End PBXFileReference section */

/* Begin PBXFrameworksBuildPhase section */
		872A9BF821148B7200AAAE9D /* Frameworks */ = {
			isa = PBXFrameworksBuildPhase;
			buildActionMask = 2147483647;
			files = (
				4CE4014E1E685A7C5D1CD1B7 /* Pods_RxSwiftExamples1.framework in Frameworks */,
			);
			runOnlyForDeploymentPostprocessing = 0;
		};
/* End PBXFrameworksBuildPhase section */

/* Begin PBXGroup section */
		38F8E883FC54D5DCD32F4215 /* Frameworks */ = {
			isa = PBXGroup;
			children = (
				19FC46BEF8E1CA5CD766AAE3 /* Pods_RxSwiftExamples1.framework */,
			);
			name = Frameworks;
			sourceTree = "<group>";
		};
		872A9BF221148B7200AAAE9D = {
			isa = PBXGroup;
			children = (
				872A9BFD21148B7200AAAE9D /* RxSwiftExamples1 */,
				872A9BFC21148B7200AAAE9D /* Products */,
				B95521F31443F60DB67644CC /* Pods */,
				38F8E883FC54D5DCD32F4215 /* Frameworks */,
			);
			sourceTree = "<group>";
		};
		872A9BFC21148B7200AAAE9D /* Products */ = {
			isa = PBXGroup;
			children = (
				872A9BFB21148B7200AAAE9D /* RxSwiftExamples1.app */,
			);
			name = Products;
			sourceTree = "<group>";
		};
		872A9BFD21148B7200AAAE9D /* RxSwiftExamples1 */ = {
			isa = PBXGroup;
			children = (
				872A9C0E21148BD600AAAE9D /* BlackJack.swift */,
				872A9C0F21148BD700AAAE9D /* main.swift */,
				872A9BFE21148B7200AAAE9D /* AppDelegate.swift */,
				872A9C0021148B7300AAAE9D /* Assets.xcassets */,
				872A9C0221148B7300AAAE9D /* MainMenu.xib */,
				872A9C0521148B7300AAAE9D /* Info.plist */,
				872A9C0621148B7300AAAE9D /* RxSwiftExamples1.entitlements */,
				870988B0211E88AE00F4E9EF /* ObservableExamples.swift */,
				870988B2211E897000F4E9EF /* SubjectExamples.swift */,
				870988B4211E8B2E00F4E9EF /* Utils.swift */,
				870988B6211E918A00F4E9EF /* FilteringOperatorExamples.swift */,
				870988B8211E91C500F4E9EF /* BaseClass.swift */,
				8753B81E211F04C000E475CC /* TransformingOperatorExamples.swift */,
				87ABD3CD2121BFA800EDFA83 /* CombiningOperatorExamples.swift */,
				87785CC7216CBAA1009FE812 /* SchedulerExamples.swift */,
			);
			path = RxSwiftExamples1;
			sourceTree = "<group>";
		};
		B95521F31443F60DB67644CC /* Pods */ = {
			isa = PBXGroup;
			children = (
				A224E0E4BAA0C225A569951D /* Pods-RxSwiftExamples1.debug.xcconfig */,
				213A2AF29F947FEF8FC527C7 /* Pods-RxSwiftExamples1.release.xcconfig */,
			);
			name = Pods;
			sourceTree = "<group>";
		};
/* End PBXGroup section */

/* Begin PBXNativeTarget section */
		872A9BFA21148B7200AAAE9D /* RxSwiftExamples1 */ = {
			isa = PBXNativeTarget;
			buildConfigurationList = 872A9C0921148B7300AAAE9D /* Build configuration list for PBXNativeTarget "RxSwiftExamples1" */;
			buildPhases = (
				29AACA403DA8A5610263DCBD /* [CP] Check Pods Manifest.lock */,
				872A9BF721148B7200AAAE9D /* Sources */,
				872A9BF821148B7200AAAE9D /* Frameworks */,
				872A9BF921148B7200AAAE9D /* Resources */,
				247CBD5CF10C06C9AEA276ED /* [CP] Embed Pods Frameworks */,
			);
			buildRules = (
			);
			dependencies = (
			);
			name = RxSwiftExamples1;
			productName = RxSwiftExamples1;
			productReference = 872A9BFB21148B7200AAAE9D /* RxSwiftExamples1.app */;
			productType = "com.apple.product-type.application";
		};
/* End PBXNativeTarget section */

/* Begin PBXProject section */
		872A9BF321148B7200AAAE9D /* Project object */ = {
			isa = PBXProject;
			attributes = {
				LastSwiftUpdateCheck = 0940;
				LastUpgradeCheck = 0940;
				ORGANIZATIONNAME = yuaming;
				TargetAttributes = {
					872A9BFA21148B7200AAAE9D = {
						CreatedOnToolsVersion = 9.4.1;
						LastSwiftMigration = 1000;
					};
				};
			};
			buildConfigurationList = 872A9BF621148B7200AAAE9D /* Build configuration list for PBXProject "RxSwiftExamples1" */;
			compatibilityVersion = "Xcode 9.3";
			developmentRegion = en;
			hasScannedForEncodings = 0;
			knownRegions = (
				en,
				Base,
			);
			mainGroup = 872A9BF221148B7200AAAE9D;
			productRefGroup = 872A9BFC21148B7200AAAE9D /* Products */;
			projectDirPath = "";
			projectRoot = "";
			targets = (
				872A9BFA21148B7200AAAE9D /* RxSwiftExamples1 */,
			);
		};
/* End PBXProject section */

/* Begin PBXResourcesBuildPhase section */
		872A9BF921148B7200AAAE9D /* Resources */ = {
			isa = PBXResourcesBuildPhase;
			buildActionMask = 2147483647;
			files = (
				872A9C0121148B7300AAAE9D /* Assets.xcassets in Resources */,
				872A9C0421148B7300AAAE9D /* MainMenu.xib in Resources */,
			);
			runOnlyForDeploymentPostprocessing = 0;
		};
/* End PBXResourcesBuildPhase section */

/* Begin PBXShellScriptBuildPhase section */
		247CBD5CF10C06C9AEA276ED /* [CP] Embed Pods Frameworks */ = {
			isa = PBXShellScriptBuildPhase;
			buildActionMask = 2147483647;
			files = (
			);
			inputPaths = (
				"${PODS_ROOT}/Target Support Files/Pods-RxSwiftExamples1/Pods-RxSwiftExamples1-frameworks.sh",
				"${BUILT_PRODUCTS_DIR}/RxCocoa/RxCocoa.framework",
				"${BUILT_PRODUCTS_DIR}/RxSwift/RxSwift.framework",
			);
			name = "[CP] Embed Pods Frameworks";
			outputPaths = (
				"${TARGET_BUILD_DIR}/${FRAMEWORKS_FOLDER_PATH}/RxCocoa.framework",
				"${TARGET_BUILD_DIR}/${FRAMEWORKS_FOLDER_PATH}/RxSwift.framework",
			);
			runOnlyForDeploymentPostprocessing = 0;
			shellPath = /bin/sh;
			shellScript = "\"${PODS_ROOT}/Target Support Files/Pods-RxSwiftExamples1/Pods-RxSwiftExamples1-frameworks.sh\"\n";
			showEnvVarsInLog = 0;
		};
		29AACA403DA8A5610263DCBD /* [CP] Check Pods Manifest.lock */ = {
			isa = PBXShellScriptBuildPhase;
			buildActionMask = 2147483647;
			files = (
			);
			inputPaths = (
				"${PODS_PODFILE_DIR_PATH}/Podfile.lock",
				"${PODS_ROOT}/Manifest.lock",
			);
			name = "[CP] Check Pods Manifest.lock";
			outputPaths = (
				"$(DERIVED_FILE_DIR)/Pods-RxSwiftExamples1-checkManifestLockResult.txt",
			);
			runOnlyForDeploymentPostprocessing = 0;
			shellPath = /bin/sh;
			shellScript = "diff \"${PODS_PODFILE_DIR_PATH}/Podfile.lock\" \"${PODS_ROOT}/Manifest.lock\" > /dev/null\nif [ $? != 0 ] ; then\n    # print error to STDERR\n    echo \"error: The sandbox is not in sync with the Podfile.lock. Run 'pod install' or update your CocoaPods installation.\" >&2\n    exit 1\nfi\n# This output is used by Xcode 'outputs' to avoid re-running this script phase.\necho \"SUCCESS\" > \"${SCRIPT_OUTPUT_FILE_0}\"\n";
			showEnvVarsInLog = 0;
		};
/* End PBXShellScriptBuildPhase section */

/* Begin PBXSourcesBuildPhase section */
		872A9BF721148B7200AAAE9D /* Sources */ = {
			isa = PBXSourcesBuildPhase;
			buildActionMask = 2147483647;
			files = (
				872A9C1121148BD700AAAE9D /* BlackJack.swift in Sources */,
				872A9BFF21148B7200AAAE9D /* AppDelegate.swift in Sources */,
				872A9C1221148BD700AAAE9D /* main.swift in Sources */,
				87ABD3CE2121BFA800EDFA83 /* CombiningOperatorExamples.swift in Sources */,
				870988B9211E91C500F4E9EF /* BaseClass.swift in Sources */,
				870988B7211E918A00F4E9EF /* FilteringOperatorExamples.swift in Sources */,
				8753B81F211F04C000E475CC /* TransformingOperatorExamples.swift in Sources */,
				870988B1211E88AE00F4E9EF /* ObservableExamples.swift in Sources */,
				870988B3211E897000F4E9EF /* SubjectExamples.swift in Sources */,
				87785CC8216CBAA1009FE812 /* SchedulerExamples.swift in Sources */,
				870988B5211E8B2E00F4E9EF /* Utils.swift in Sources */,
			);
			runOnlyForDeploymentPostprocessing = 0;
		};
/* End PBXSourcesBuildPhase section */

/* Begin PBXVariantGroup section */
		872A9C0221148B7300AAAE9D /* MainMenu.xib */ = {
			isa = PBXVariantGroup;
			children = (
				872A9C0321148B7300AAAE9D /* Base */,
			);
			name = MainMenu.xib;
			sourceTree = "<group>";
		};
/* End PBXVariantGroup section */

/* Begin XCBuildConfiguration section */
		872A9C0721148B7300AAAE9D /* Debug */ = {
			isa = XCBuildConfiguration;
			buildSettings = {
				ALWAYS_SEARCH_USER_PATHS = NO;
				CLANG_ANALYZER_NONNULL = YES;
				CLANG_ANALYZER_NUMBER_OBJECT_CONVERSION = YES_AGGRESSIVE;
				CLANG_CXX_LANGUAGE_STANDARD = "gnu++14";
				CLANG_CXX_LIBRARY = "libc++";
				CLANG_ENABLE_MODULES = YES;
				CLANG_ENABLE_OBJC_ARC = YES;
				CLANG_ENABLE_OBJC_WEAK = YES;
				CLANG_WARN_BLOCK_CAPTURE_AUTORELEASING = YES;
				CLANG_WARN_BOOL_CONVERSION = YES;
				CLANG_WARN_COMMA = YES;
				CLANG_WARN_CONSTANT_CONVERSION = YES;
				CLANG_WARN_DEPRECATED_OBJC_IMPLEMENTATIONS = YES;
				CLANG_WARN_DIRECT_OBJC_ISA_USAGE = YES_ERROR;
				CLANG_WARN_DOCUMENTATION_COMMENTS = YES;
				CLANG_WARN_EMPTY_BODY = YES;
				CLANG_WARN_ENUM_CONVERSION = YES;
				CLANG_WARN_INFINITE_RECURSION = YES;
				CLANG_WARN_INT_CONVERSION = YES;
				CLANG_WARN_NON_LITERAL_NULL_CONVERSION = YES;
				CLANG_WARN_OBJC_IMPLICIT_RETAIN_SELF = YES;
				CLANG_WARN_OBJC_LITERAL_CONVERSION = YES;
				CLANG_WARN_OBJC_ROOT_CLASS = YES_ERROR;
				CLANG_WARN_RANGE_LOOP_ANALYSIS = YES;
				CLANG_WARN_STRICT_PROTOTYPES = YES;
				CLANG_WARN_SUSPICIOUS_MOVE = YES;
				CLANG_WARN_UNGUARDED_AVAILABILITY = YES_AGGRESSIVE;
				CLANG_WARN_UNREACHABLE_CODE = YES;
				CLANG_WARN__DUPLICATE_METHOD_MATCH = YES;
				CODE_SIGN_IDENTITY = "Mac Developer";
				COPY_PHASE_STRIP = NO;
				DEBUG_INFORMATION_FORMAT = dwarf;
				ENABLE_STRICT_OBJC_MSGSEND = YES;
				ENABLE_TESTABILITY = YES;
				GCC_C_LANGUAGE_STANDARD = gnu11;
				GCC_DYNAMIC_NO_PIC = NO;
				GCC_NO_COMMON_BLOCKS = YES;
				GCC_OPTIMIZATION_LEVEL = 0;
				GCC_PREPROCESSOR_DEFINITIONS = (
					"DEBUG=1",
					"$(inherited)",
				);
				GCC_WARN_64_TO_32_BIT_CONVERSION = YES;
				GCC_WARN_ABOUT_RETURN_TYPE = YES_ERROR;
				GCC_WARN_UNDECLARED_SELECTOR = YES;
				GCC_WARN_UNINITIALIZED_AUTOS = YES_AGGRESSIVE;
				GCC_WARN_UNUSED_FUNCTION = YES;
				GCC_WARN_UNUSED_VARIABLE = YES;
				MACOSX_DEPLOYMENT_TARGET = 10.13;
				MTL_ENABLE_DEBUG_INFO = YES;
				ONLY_ACTIVE_ARCH = YES;
				SDKROOT = macosx;
				SWIFT_ACTIVE_COMPILATION_CONDITIONS = DEBUG;
				SWIFT_OPTIMIZATION_LEVEL = "-Onone";
			};
			name = Debug;
		};
		872A9C0821148B7300AAAE9D /* Release */ = {
			isa = XCBuildConfiguration;
			buildSettings = {
				ALWAYS_SEARCH_USER_PATHS = NO;
				CLANG_ANALYZER_NONNULL = YES;
				CLANG_ANALYZER_NUMBER_OBJECT_CONVERSION = YES_AGGRESSIVE;
				CLANG_CXX_LANGUAGE_STANDARD = "gnu++14";
				CLANG_CXX_LIBRARY = "libc++";
				CLANG_ENABLE_MODULES = YES;
				CLANG_ENABLE_OBJC_ARC = YES;
				CLANG_ENABLE_OBJC_WEAK = YES;
				CLANG_WARN_BLOCK_CAPTURE_AUTORELEASING = YES;
				CLANG_WARN_BOOL_CONVERSION = YES;
				CLANG_WARN_COMMA = YES;
				CLANG_WARN_CONSTANT_CONVERSION = YES;
				CLANG_WARN_DEPRECATED_OBJC_IMPLEMENTATIONS = YES;
				CLANG_WARN_DIRECT_OBJC_ISA_USAGE = YES_ERROR;
				CLANG_WARN_DOCUMENTATION_COMMENTS = YES;
				CLANG_WARN_EMPTY_BODY = YES;
				CLANG_WARN_ENUM_CONVERSION = YES;
				CLANG_WARN_INFINITE_RECURSION = YES;
				CLANG_WARN_INT_CONVERSION = YES;
				CLANG_WARN_NON_LITERAL_NULL_CONVERSION = YES;
				CLANG_WARN_OBJC_IMPLICIT_RETAIN_SELF = YES;
				CLANG_WARN_OBJC_LITERAL_CONVERSION = YES;
				CLANG_WARN_OBJC_ROOT_CLASS = YES_ERROR;
				CLANG_WARN_RANGE_LOOP_ANALYSIS = YES;
				CLANG_WARN_STRICT_PROTOTYPES = YES;
				CLANG_WARN_SUSPICIOUS_MOVE = YES;
				CLANG_WARN_UNGUARDED_AVAILABILITY = YES_AGGRESSIVE;
				CLANG_WARN_UNREACHABLE_CODE = YES;
				CLANG_WARN__DUPLICATE_METHOD_MATCH = YES;
				CODE_SIGN_IDENTITY = "Mac Developer";
				COPY_PHASE_STRIP = NO;
				DEBUG_INFORMATION_FORMAT = "dwarf-with-dsym";
				ENABLE_NS_ASSERTIONS = NO;
				ENABLE_STRICT_OBJC_MSGSEND = YES;
				GCC_C_LANGUAGE_STANDARD = gnu11;
				GCC_NO_COMMON_BLOCKS = YES;
				GCC_WARN_64_TO_32_BIT_CONVERSION = YES;
				GCC_WARN_ABOUT_RETURN_TYPE = YES_ERROR;
				GCC_WARN_UNDECLARED_SELECTOR = YES;
				GCC_WARN_UNINITIALIZED_AUTOS = YES_AGGRESSIVE;
				GCC_WARN_UNUSED_FUNCTION = YES;
				GCC_WARN_UNUSED_VARIABLE = YES;
				MACOSX_DEPLOYMENT_TARGET = 10.13;
				MTL_ENABLE_DEBUG_INFO = NO;
				SDKROOT = macosx;
				SWIFT_COMPILATION_MODE = wholemodule;
				SWIFT_OPTIMIZATION_LEVEL = "-O";
			};
			name = Release;
		};
		872A9C0A21148B7300AAAE9D /* Debug */ = {
			isa = XCBuildConfiguration;
			baseConfigurationReference = A224E0E4BAA0C225A569951D /* Pods-RxSwiftExamples1.debug.xcconfig */;
			buildSettings = {
				ASSETCATALOG_COMPILER_APPICON_NAME = AppIcon;
				CODE_SIGN_ENTITLEMENTS = RxSwiftExamples1/RxSwiftExamples1.entitlements;
				CODE_SIGN_STYLE = Automatic;
				COMBINE_HIDPI_IMAGES = YES;
				DEVELOPMENT_TEAM = T393J4TVCC;
				INFOPLIST_FILE = RxSwiftExamples1/Info.plist;
				LD_RUNPATH_SEARCH_PATHS = (
					"$(inherited)",
					"@executable_path/../Frameworks",
				);
				PRODUCT_BUNDLE_IDENTIFIER = com.yuaming.RxSwiftExamples1;
				PRODUCT_NAME = "$(TARGET_NAME)";
				SWIFT_VERSION = 4.2;
			};
			name = Debug;
		};
		872A9C0B21148B7300AAAE9D /* Release */ = {
			isa = XCBuildConfiguration;
			baseConfigurationReference = 213A2AF29F947FEF8FC527C7 /* Pods-RxSwiftExamples1.release.xcconfig */;
			buildSettings = {
				ASSETCATALOG_COMPILER_APPICON_NAME = AppIcon;
				CODE_SIGN_ENTITLEMENTS = RxSwiftExamples1/RxSwiftExamples1.entitlements;
				CODE_SIGN_STYLE = Automatic;
				COMBINE_HIDPI_IMAGES = YES;
				DEVELOPMENT_TEAM = T393J4TVCC;
				INFOPLIST_FILE = RxSwiftExamples1/Info.plist;
				LD_RUNPATH_SEARCH_PATHS = (
					"$(inherited)",
					"@executable_path/../Frameworks",
				);
				PRODUCT_BUNDLE_IDENTIFIER = com.yuaming.RxSwiftExamples1;
				PRODUCT_NAME = "$(TARGET_NAME)";
				SWIFT_VERSION = 4.2;
			};
			name = Release;
		};
/* End XCBuildConfiguration section */

/* Begin XCConfigurationList section */
		872A9BF621148B7200AAAE9D /* Build configuration list for PBXProject "RxSwiftExamples1" */ = {
			isa = XCConfigurationList;
			buildConfigurations = (
				872A9C0721148B7300AAAE9D /* Debug */,
				872A9C0821148B7300AAAE9D /* Release */,
			);
			defaultConfigurationIsVisible = 0;
			defaultConfigurationName = Release;
		};
		872A9C0921148B7300AAAE9D /* Build configuration list for PBXNativeTarget "RxSwiftExamples1" */ = {
			isa = XCConfigurationList;
			buildConfigurations = (
				872A9C0A21148B7300AAAE9D /* Debug */,
				872A9C0B21148B7300AAAE9D /* Release */,
			);
			defaultConfigurationIsVisible = 0;
			defaultConfigurationName = Release;
		};
/* End XCConfigurationList section */
	};
	rootObject = 872A9BF321148B7200AAAE9D /* Project object */;
}
