PODS:
  - Gifu (3.2.0)
  - Nimble (7.3.1)
  - OHHTTPStubs (6.1.0):
    - OHHTTPStubs/Default (= 6.1.0)
  - OHHTTPStubs/Core (6.1.0)
  - OHHTTPStubs/Default (6.1.0):
    - OHHTTPStubs/Core
    - OHHTTPStubs/JSON
    - OHHTTPStubs/NSURLSession
    - OHHTTPStubs/OHPathHelpers
  - OHHTTPStubs/JSON (6.1.0):
    - OHHTTPStubs/Core
  - OHHTTPStubs/NSURLSession (6.1.0):
    - OHHTTPStubs/Core
  - OHHTTPStubs/OHPathHelpers (6.1.0)
  - OHHTTPStubs/Swift (6.1.0):
    - OHHTTPStubs/Default
  - RxBlocking (4.3.1):
    - RxSwift (~> 4.0)
  - RxNimble (4.2.0):
    - Nimble (~> 7.0)
    - RxBlocking (~> 4.0)
    - RxSwift (~> 4.2)
  - RxSwift (4.3.1)
  - SwiftyJSON (4.2.0)

DEPENDENCIES:
  - Gifu
  - Nimble
  - OHHTTPStubs
  - OHHTTPStubs/Swift
  - RxBlocking
  - RxNimble
  - RxSwift
  - SwiftyJSON

SPEC REPOS:
  https://github.com/cocoapods/specs.git:
    - Gifu
    - Nimble
    - OHHTTPStubs
    - RxBlocking
    - RxNimble
    - RxSwift
    - SwiftyJSON

SPEC CHECKSUMS:
  Gifu: 7bcb6427457d85e0b4dff5a84ec5947ac19a93ea
  Nimble: 04f732da099ea4d153122aec8c2a88fd0c7219ae
  OHHTTPStubs: 1e21c7d2c084b8153fc53d48400d8919d2d432d0
  RxBlocking: 64c051285261ca2339481e91b5f70eb06b03660a
  RxNimble: 141422b841d7626811979fb3860698eff2ce4b51
  RxSwift: fe0fd770a43acdb7d0a53da411c9b892e69bb6e4
  SwiftyJSON: c4bcba26dd9ec7a027fc8eade48e2c911f229e96

PODFILE CHECKSUM: cc01bb6347af3447ec28d8e20e12226750fe3961

COCOAPODS: 1.6.0.beta.1
