PODS:
  - RxCocoa (4.2.0):
    - RxSwift (~> 4.0)
  - RxSwift (4.2.0)

DEPENDENCIES:
  - RxCocoa
  - RxSwift

SPEC REPOS:
  https://github.com/CocoaPods/Specs.git:
    - RxCocoa
    - RxSwift

SPEC CHECKSUMS:
  RxCocoa: 0b54909c902e1e581212a03e690bbd94032d8baa
  RxSwift: 99e10317ddfcc7fbe01356aafd118fde4a0be104

PODFILE CHECKSUM: 1067f0d26d0a0eeefbc27ce7fc4853de207fe8f0

COCOAPODS: 1.5.0
