// !$*UTF8*$!
{
	archiveVersion = 1;
	classes = {
	};
	objectVersion = 50;
	objects = {

/* Begin PBXBuildFile section */
		8742A4F82114A66D00F1F28D /* BindingTableViewController1.swift in Sources */ = {isa = PBXBuildFile; fileRef = 8742A4F72114A66D00F1F28D /* BindingTableViewController1.swift */; };
		8742A4FA2114A9EC00F1F28D /* NameCell.swift in Sources */ = {isa = PBXBuildFile; fileRef = 8742A4F92114A9EC00F1F28D /* NameCell.swift */; };
		8742A4FC2114A9FA00F1F28D /* NameModel.swift in Sources */ = {isa = PBXBuildFile; fileRef = 8742A4FB2114A9FA00F1F28D /* NameModel.swift */; };
		8742A4FE2114AE8700F1F28D /* BindingTableViewController2.swift in Sources */ = {isa = PBXBuildFile; fileRef = 8742A4FD2114AE8700F1F28D /* BindingTableViewController2.swift */; };
		8742A5002114B31100F1F28D /* BindingTableViewController3.swift in Sources */ = {isa = PBXBuildFile; fileRef = 8742A4FF2114B31100F1F28D /* BindingTableViewController3.swift */; };
		8742A5022114BBDF00F1F28D /* BindingTableViewController5.swift in Sources */ = {isa = PBXBuildFile; fileRef = 8742A5012114BBDF00F1F28D /* BindingTableViewController5.swift */; };
		8743DBA12115360A00A7D2CD /* BindingTableViewController6.swift in Sources */ = {isa = PBXBuildFile; fileRef = 8743DBA02115360A00A7D2CD /* BindingTableViewController6.swift */; };
		8794001A2111454F0043BFC6 /* AppDelegate.swift in Sources */ = {isa = PBXBuildFile; fileRef = 879400192111454F0043BFC6 /* AppDelegate.swift */; };
		8794001F2111454F0043BFC6 /* Main.storyboard in Resources */ = {isa = PBXBuildFile; fileRef = 8794001D2111454F0043BFC6 /* Main.storyboard */; };
		87940021211145500043BFC6 /* Assets.xcassets in Resources */ = {isa = PBXBuildFile; fileRef = 87940020211145500043BFC6 /* Assets.xcassets */; };
		87940024211145500043BFC6 /* LaunchScreen.storyboard in Resources */ = {isa = PBXBuildFile; fileRef = 87940022211145500043BFC6 /* LaunchScreen.storyboard */; };
		C8B2926C264F7200D96A090E /* Pods_RxSwiftExamples3.framework in Frameworks */ = {isa = PBXBuildFile; fileRef = C3531668E15CAA5F13C10E00 /* Pods_RxSwiftExamples3.framework */; };
/* End PBXBuildFile section */

/* Begin PBXFileReference section */
		3B2E9D73EEE4160B92D7E709 /* Pods-RxSwiftExamples3.release.xcconfig */ = {isa = PBXFileReference; includeInIndex = 1; lastKnownFileType = text.xcconfig; name = "Pods-RxSwiftExamples3.release.xcconfig"; path = "Pods/Target Support Files/Pods-RxSwiftExamples3/Pods-RxSwiftExamples3.release.xcconfig"; sourceTree = "<group>"; };
		8742A4F72114A66D00F1F28D /* BindingTableViewController1.swift */ = {isa = PBXFileReference; lastKnownFileType = sourcecode.swift; path = BindingTableViewController1.swift; sourceTree = "<group>"; };
		8742A4F92114A9EC00F1F28D /* NameCell.swift */ = {isa = PBXFileReference; lastKnownFileType = sourcecode.swift; path = NameCell.swift; sourceTree = "<group>"; };
		8742A4FB2114A9FA00F1F28D /* NameModel.swift */ = {isa = PBXFileReference; lastKnownFileType = sourcecode.swift; path = NameModel.swift; sourceTree = "<group>"; };
		8742A4FD2114AE8700F1F28D /* BindingTableViewController2.swift */ = {isa = PBXFileReference; lastKnownFileType = sourcecode.swift; path = BindingTableViewController2.swift; sourceTree = "<group>"; };
		8742A4FF2114B31100F1F28D /* BindingTableViewController3.swift */ = {isa = PBXFileReference; lastKnownFileType = sourcecode.swift; path = BindingTableViewController3.swift; sourceTree = "<group>"; };
		8742A5012114BBDF00F1F28D /* BindingTableViewController5.swift */ = {isa = PBXFileReference; lastKnownFileType = sourcecode.swift; path = BindingTableViewController5.swift; sourceTree = "<group>"; };
		8743DBA02115360A00A7D2CD /* BindingTableViewController6.swift */ = {isa = PBXFileReference; lastKnownFileType = sourcecode.swift; path = BindingTableViewController6.swift; sourceTree = "<group>"; };
		879400162111454F0043BFC6 /* RxSwiftExamples3.app */ = {isa = PBXFileReference; explicitFileType = wrapper.application; includeInIndex = 0; path = RxSwiftExamples3.app; sourceTree = BUILT_PRODUCTS_DIR; };
		879400192111454F0043BFC6 /* AppDelegate.swift */ = {isa = PBXFileReference; lastKnownFileType = sourcecode.swift; path = AppDelegate.swift; sourceTree = "<group>"; };
		8794001E2111454F0043BFC6 /* Base */ = {isa = PBXFileReference; lastKnownFileType = file.storyboard; name = Base; path = Base.lproj/Main.storyboard; sourceTree = "<group>"; };
		87940020211145500043BFC6 /* Assets.xcassets */ = {isa = PBXFileReference; lastKnownFileType = folder.assetcatalog; path = Assets.xcassets; sourceTree = "<group>"; };
		87940023211145500043BFC6 /* Base */ = {isa = PBXFileReference; lastKnownFileType = file.storyboard; name = Base; path = Base.lproj/LaunchScreen.storyboard; sourceTree = "<group>"; };
		87940025211145500043BFC6 /* Info.plist */ = {isa = PBXFileReference; lastKnownFileType = text.plist.xml; path = Info.plist; sourceTree = "<group>"; };
		C3531668E15CAA5F13C10E00 /* Pods_RxSwiftExamples3.framework */ = {isa = PBXFileReference; explicitFileType = wrapper.framework; includeInIndex = 0; path = Pods_RxSwiftExamples3.framework; sourceTree = BUILT_PRODUCTS_DIR; };
		CF467CDCF8FBAE6552BE89A8 /* Pods-RxSwiftExamples3.debug.xcconfig */ = {isa = PBXFileReference; includeInIndex = 1; lastKnownFileType = text.xcconfig; name = "Pods-RxSwiftExamples3.debug.xcconfig"; path = "Pods/Target Support Files/Pods-RxSwiftExamples3/Pods-RxSwiftExamples3.debug.xcconfig"; sourceTree = "<group>"; };
/* End PBXFileReference section */

/* Begin PBXFrameworksBuildPhase section */
		879400132111454F0043BFC6 /* Frameworks */ = {
			isa = PBXFrameworksBuildPhase;
			buildActionMask = 2147483647;
			files = (
				C8B2926C264F7200D96A090E /* Pods_RxSwiftExamples3.framework in Frameworks */,
			);
			runOnlyForDeploymentPostprocessing = 0;
		};
/* End PBXFrameworksBuildPhase section */

/* Begin PBXGroup section */
		02908D0AB9902CF5073DF4B3 /* Pods */ = {
			isa = PBXGroup;
			children = (
				CF467CDCF8FBAE6552BE89A8 /* Pods-RxSwiftExamples3.debug.xcconfig */,
				3B2E9D73EEE4160B92D7E709 /* Pods-RxSwiftExamples3.release.xcconfig */,
			);
			name = Pods;
			sourceTree = "<group>";
		};
		8794000D2111454F0043BFC6 = {
			isa = PBXGroup;
			children = (
				879400182111454F0043BFC6 /* RxSwiftExamples3 */,
				879400172111454F0043BFC6 /* Products */,
				02908D0AB9902CF5073DF4B3 /* Pods */,
				8CB1C871B3ADB2DB4839397C /* Frameworks */,
			);
			sourceTree = "<group>";
		};
		879400172111454F0043BFC6 /* Products */ = {
			isa = PBXGroup;
			children = (
				879400162111454F0043BFC6 /* RxSwiftExamples3.app */,
			);
			name = Products;
			sourceTree = "<group>";
		};
		879400182111454F0043BFC6 /* RxSwiftExamples3 */ = {
			isa = PBXGroup;
			children = (
				879400192111454F0043BFC6 /* AppDelegate.swift */,
				8794001D2111454F0043BFC6 /* Main.storyboard */,
				87940020211145500043BFC6 /* Assets.xcassets */,
				87940022211145500043BFC6 /* LaunchScreen.storyboard */,
				87940025211145500043BFC6 /* Info.plist */,
				8742A4F72114A66D00F1F28D /* BindingTableViewController1.swift */,
				8742A4F92114A9EC00F1F28D /* NameCell.swift */,
				8742A4FB2114A9FA00F1F28D /* NameModel.swift */,
				8742A4FD2114AE8700F1F28D /* BindingTableViewController2.swift */,
				8742A4FF2114B31100F1F28D /* BindingTableViewController3.swift */,
				8742A5012114BBDF00F1F28D /* BindingTableViewController5.swift */,
				8743DBA02115360A00A7D2CD /* BindingTableViewController6.swift */,
			);
			path = RxSwiftExamples3;
			sourceTree = "<group>";
		};
		8CB1C871B3ADB2DB4839397C /* Frameworks */ = {
			isa = PBXGroup;
			children = (
				C3531668E15CAA5F13C10E00 /* Pods_RxSwiftExamples3.framework */,
			);
			name = Frameworks;
			sourceTree = "<group>";
		};
/* End PBXGroup section */

/* Begin PBXNativeTarget section */
		879400152111454F0043BFC6 /* RxSwiftExamples3 */ = {
			isa = PBXNativeTarget;
			buildConfigurationList = 87940028211145500043BFC6 /* Build configuration list for PBXNativeTarget "RxSwiftExamples3" */;
			buildPhases = (
				C5C6FAF86DF4BAF0ADE5821A /* [CP] Check Pods Manifest.lock */,
				879400122111454F0043BFC6 /* Sources */,
				879400132111454F0043BFC6 /* Frameworks */,
				879400142111454F0043BFC6 /* Resources */,
				66D0982252C12ABF0EB7A9DE /* [CP] Embed Pods Frameworks */,
			);
			buildRules = (
			);
			dependencies = (
			);
			name = RxSwiftExamples3;
			productName = RxSwiftExamples3;
			productReference = 879400162111454F0043BFC6 /* RxSwiftExamples3.app */;
			productType = "com.apple.product-type.application";
		};
/* End PBXNativeTarget section */

/* Begin PBXProject section */
		8794000E2111454F0043BFC6 /* Project object */ = {
			isa = PBXProject;
			attributes = {
				LastSwiftUpdateCheck = 0940;
				LastUpgradeCheck = 0940;
				ORGANIZATIONNAME = yuaming;
				TargetAttributes = {
					879400152111454F0043BFC6 = {
						CreatedOnToolsVersion = 9.4.1;
					};
				};
			};
			buildConfigurationList = 879400112111454F0043BFC6 /* Build configuration list for PBXProject "RxSwiftExamples3" */;
			compatibilityVersion = "Xcode 9.3";
			developmentRegion = en;
			hasScannedForEncodings = 0;
			knownRegions = (
				en,
				Base,
			);
			mainGroup = 8794000D2111454F0043BFC6;
			productRefGroup = 879400172111454F0043BFC6 /* Products */;
			projectDirPath = "";
			projectRoot = "";
			targets = (
				879400152111454F0043BFC6 /* RxSwiftExamples3 */,
			);
		};
/* End PBXProject section */

/* Begin PBXResourcesBuildPhase section */
		879400142111454F0043BFC6 /* Resources */ = {
			isa = PBXResourcesBuildPhase;
			buildActionMask = 2147483647;
			files = (
				87940024211145500043BFC6 /* LaunchScreen.storyboard in Resources */,
				87940021211145500043BFC6 /* Assets.xcassets in Resources */,
				8794001F2111454F0043BFC6 /* Main.storyboard in Resources */,
			);
			runOnlyForDeploymentPostprocessing = 0;
		};
/* End PBXResourcesBuildPhase section */

/* Begin PBXShellScriptBuildPhase section */
		66D0982252C12ABF0EB7A9DE /* [CP] Embed Pods Frameworks */ = {
			isa = PBXShellScriptBuildPhase;
			buildActionMask = 2147483647;
			files = (
			);
			inputPaths = (
				"${SRCROOT}/Pods/Target Support Files/Pods-RxSwiftExamples3/Pods-RxSwiftExamples3-frameworks.sh",
				"${BUILT_PRODUCTS_DIR}/Differentiator/Differentiator.framework",
				"${BUILT_PRODUCTS_DIR}/RxCocoa/RxCocoa.framework",
				"${BUILT_PRODUCTS_DIR}/RxDataSources/RxDataSources.framework",
				"${BUILT_PRODUCTS_DIR}/RxSwift/RxSwift.framework",
			);
			name = "[CP] Embed Pods Frameworks";
			outputPaths = (
				"${TARGET_BUILD_DIR}/${FRAMEWORKS_FOLDER_PATH}/Differentiator.framework",
				"${TARGET_BUILD_DIR}/${FRAMEWORKS_FOLDER_PATH}/RxCocoa.framework",
				"${TARGET_BUILD_DIR}/${FRAMEWORKS_FOLDER_PATH}/RxDataSources.framework",
				"${TARGET_BUILD_DIR}/${FRAMEWORKS_FOLDER_PATH}/RxSwift.framework",
			);
			runOnlyForDeploymentPostprocessing = 0;
			shellPath = /bin/sh;
			shellScript = "\"${SRCROOT}/Pods/Target Support Files/Pods-RxSwiftExamples3/Pods-RxSwiftExamples3-frameworks.sh\"\n";
			showEnvVarsInLog = 0;
		};
		C5C6FAF86DF4BAF0ADE5821A /* [CP] Check Pods Manifest.lock */ = {
			isa = PBXShellScriptBuildPhase;
			buildActionMask = 2147483647;
			files = (
			);
			inputPaths = (
				"${PODS_PODFILE_DIR_PATH}/Podfile.lock",
				"${PODS_ROOT}/Manifest.lock",
			);
			name = "[CP] Check Pods Manifest.lock";
			outputPaths = (
				"$(DERIVED_FILE_DIR)/Pods-RxSwiftExamples3-checkManifestLockResult.txt",
			);
			runOnlyForDeploymentPostprocessing = 0;
			shellPath = /bin/sh;
			shellScript = "diff \"${PODS_PODFILE_DIR_PATH}/Podfile.lock\" \"${PODS_ROOT}/Manifest.lock\" > /dev/null\nif [ $? != 0 ] ; then\n    # print error to STDERR\n    echo \"error: The sandbox is not in sync with the Podfile.lock. Run 'pod install' or update your CocoaPods installation.\" >&2\n    exit 1\nfi\n# This output is used by Xcode 'outputs' to avoid re-running this script phase.\necho \"SUCCESS\" > \"${SCRIPT_OUTPUT_FILE_0}\"\n";
			showEnvVarsInLog = 0;
		};
/* End PBXShellScriptBuildPhase section */

/* Begin PBXSourcesBuildPhase section */
		879400122111454F0043BFC6 /* Sources */ = {
			isa = PBXSourcesBuildPhase;
			buildActionMask = 2147483647;
			files = (
				8742A4FC2114A9FA00F1F28D /* NameModel.swift in Sources */,
				8742A4FA2114A9EC00F1F28D /* NameCell.swift in Sources */,
				8742A5022114BBDF00F1F28D /* BindingTableViewController5.swift in Sources */,
				8742A4F82114A66D00F1F28D /* BindingTableViewController1.swift in Sources */,
				8743DBA12115360A00A7D2CD /* BindingTableViewController6.swift in Sources */,
				8742A4FE2114AE8700F1F28D /* BindingTableViewController2.swift in Sources */,
				8794001A2111454F0043BFC6 /* AppDelegate.swift in Sources */,
				8742A5002114B31100F1F28D /* BindingTableViewController3.swift in Sources */,
			);
			runOnlyForDeploymentPostprocessing = 0;
		};
/* End PBXSourcesBuildPhase section */

/* Begin PBXVariantGroup section */
		8794001D2111454F0043BFC6 /* Main.storyboard */ = {
			isa = PBXVariantGroup;
			children = (
				8794001E2111454F0043BFC6 /* Base */,
			);
			name = Main.storyboard;
			sourceTree = "<group>";
		};
		87940022211145500043BFC6 /* LaunchScreen.storyboard */ = {
			isa = PBXVariantGroup;
			children = (
				87940023211145500043BFC6 /* Base */,
			);
			name = LaunchScreen.storyboard;
			sourceTree = "<group>";
		};
/* End PBXVariantGroup section */

/* Begin XCBuildConfiguration section */
		87940026211145500043BFC6 /* Debug */ = {
			isa = XCBuildConfiguration;
			buildSettings = {
				ALWAYS_SEARCH_USER_PATHS = NO;
				CLANG_ANALYZER_NONNULL = YES;
				CLANG_ANALYZER_NUMBER_OBJECT_CONVERSION = YES_AGGRESSIVE;
				CLANG_CXX_LANGUAGE_STANDARD = "gnu++14";
				CLANG_CXX_LIBRARY = "libc++";
				CLANG_ENABLE_MODULES = YES;
				CLANG_ENABLE_OBJC_ARC = YES;
				CLANG_ENABLE_OBJC_WEAK = YES;
				CLANG_WARN_BLOCK_CAPTURE_AUTORELEASING = YES;
				CLANG_WARN_BOOL_CONVERSION = YES;
				CLANG_WARN_COMMA = YES;
				CLANG_WARN_CONSTANT_CONVERSION = YES;
				CLANG_WARN_DEPRECATED_OBJC_IMPLEMENTATIONS = YES;
				CLANG_WARN_DIRECT_OBJC_ISA_USAGE = YES_ERROR;
				CLANG_WARN_DOCUMENTATION_COMMENTS = YES;
				CLANG_WARN_EMPTY_BODY = YES;
				CLANG_WARN_ENUM_CONVERSION = YES;
				CLANG_WARN_INFINITE_RECURSION = YES;
				CLANG_WARN_INT_CONVERSION = YES;
				CLANG_WARN_NON_LITERAL_NULL_CONVERSION = YES;
				CLANG_WARN_OBJC_IMPLICIT_RETAIN_SELF = YES;
				CLANG_WARN_OBJC_LITERAL_CONVERSION = YES;
				CLANG_WARN_OBJC_ROOT_CLASS = YES_ERROR;
				CLANG_WARN_RANGE_LOOP_ANALYSIS = YES;
				CLANG_WARN_STRICT_PROTOTYPES = YES;
				CLANG_WARN_SUSPICIOUS_MOVE = YES;
				CLANG_WARN_UNGUARDED_AVAILABILITY = YES_AGGRESSIVE;
				CLANG_WARN_UNREACHABLE_CODE = YES;
				CLANG_WARN__DUPLICATE_METHOD_MATCH = YES;
				CODE_SIGN_IDENTITY = "iPhone Developer";
				COPY_PHASE_STRIP = NO;
				DEBUG_INFORMATION_FORMAT = dwarf;
				ENABLE_STRICT_OBJC_MSGSEND = YES;
				ENABLE_TESTABILITY = YES;
				GCC_C_LANGUAGE_STANDARD = gnu11;
				GCC_DYNAMIC_NO_PIC = NO;
				GCC_NO_COMMON_BLOCKS = YES;
				GCC_OPTIMIZATION_LEVEL = 0;
				GCC_PREPROCESSOR_DEFINITIONS = (
					"DEBUG=1",
					"$(inherited)",
				);
				GCC_WARN_64_TO_32_BIT_CONVERSION = YES;
				GCC_WARN_ABOUT_RETURN_TYPE = YES_ERROR;
				GCC_WARN_UNDECLARED_SELECTOR = YES;
				GCC_WARN_UNINITIALIZED_AUTOS = YES_AGGRESSIVE;
				GCC_WARN_UNUSED_FUNCTION = YES;
				GCC_WARN_UNUSED_VARIABLE = YES;
				IPHONEOS_DEPLOYMENT_TARGET = 11.4;
				MTL_ENABLE_DEBUG_INFO = YES;
				ONLY_ACTIVE_ARCH = YES;
				SDKROOT = iphoneos;
				SWIFT_ACTIVE_COMPILATION_CONDITIONS = DEBUG;
				SWIFT_OPTIMIZATION_LEVEL = "-Onone";
			};
			name = Debug;
		};
		87940027211145500043BFC6 /* Release */ = {
			isa = XCBuildConfiguration;
			buildSettings = {
				ALWAYS_SEARCH_USER_PATHS = NO;
				CLANG_ANALYZER_NONNULL = YES;
				CLANG_ANALYZER_NUMBER_OBJECT_CONVERSION = YES_AGGRESSIVE;
				CLANG_CXX_LANGUAGE_STANDARD = "gnu++14";
				CLANG_CXX_LIBRARY = "libc++";
				CLANG_ENABLE_MODULES = YES;
				CLANG_ENABLE_OBJC_ARC = YES;
				CLANG_ENABLE_OBJC_WEAK = YES;
				CLANG_WARN_BLOCK_CAPTURE_AUTORELEASING = YES;
				CLANG_WARN_BOOL_CONVERSION = YES;
				CLANG_WARN_COMMA = YES;
				CLANG_WARN_CONSTANT_CONVERSION = YES;
				CLANG_WARN_DEPRECATED_OBJC_IMPLEMENTATIONS = YES;
				CLANG_WARN_DIRECT_OBJC_ISA_USAGE = YES_ERROR;
				CLANG_WARN_DOCUMENTATION_COMMENTS = YES;
				CLANG_WARN_EMPTY_BODY = YES;
				CLANG_WARN_ENUM_CONVERSION = YES;
				CLANG_WARN_INFINITE_RECURSION = YES;
				CLANG_WARN_INT_CONVERSION = YES;
				CLANG_WARN_NON_LITERAL_NULL_CONVERSION = YES;
				CLANG_WARN_OBJC_IMPLICIT_RETAIN_SELF = YES;
				CLANG_WARN_OBJC_LITERAL_CONVERSION = YES;
				CLANG_WARN_OBJC_ROOT_CLASS = YES_ERROR;
				CLANG_WARN_RANGE_LOOP_ANALYSIS = YES;
				CLANG_WARN_STRICT_PROTOTYPES = YES;
				CLANG_WARN_SUSPICIOUS_MOVE = YES;
				CLANG_WARN_UNGUARDED_AVAILABILITY = YES_AGGRESSIVE;
				CLANG_WARN_UNREACHABLE_CODE = YES;
				CLANG_WARN__DUPLICATE_METHOD_MATCH = YES;
				CODE_SIGN_IDENTITY = "iPhone Developer";
				COPY_PHASE_STRIP = NO;
				DEBUG_INFORMATION_FORMAT = "dwarf-with-dsym";
				ENABLE_NS_ASSERTIONS = NO;
				ENABLE_STRICT_OBJC_MSGSEND = YES;
				GCC_C_LANGUAGE_STANDARD = gnu11;
				GCC_NO_COMMON_BLOCKS = YES;
				GCC_WARN_64_TO_32_BIT_CONVERSION = YES;
				GCC_WARN_ABOUT_RETURN_TYPE = YES_ERROR;
				GCC_WARN_UNDECLARED_SELECTOR = YES;
				GCC_WARN_UNINITIALIZED_AUTOS = YES_AGGRESSIVE;
				GCC_WARN_UNUSED_FUNCTION = YES;
				GCC_WARN_UNUSED_VARIABLE = YES;
				IPHONEOS_DEPLOYMENT_TARGET = 11.4;
				MTL_ENABLE_DEBUG_INFO = NO;
				SDKROOT = iphoneos;
				SWIFT_COMPILATION_MODE = wholemodule;
				SWIFT_OPTIMIZATION_LEVEL = "-O";
				VALIDATE_PRODUCT = YES;
			};
			name = Release;
		};
		87940029211145500043BFC6 /* Debug */ = {
			isa = XCBuildConfiguration;
			baseConfigurationReference = CF467CDCF8FBAE6552BE89A8 /* Pods-RxSwiftExamples3.debug.xcconfig */;
			buildSettings = {
				ASSETCATALOG_COMPILER_APPICON_NAME = AppIcon;
				CODE_SIGN_STYLE = Automatic;
				DEVELOPMENT_TEAM = T393J4TVCC;
				INFOPLIST_FILE = RxSwiftExamples3/Info.plist;
				LD_RUNPATH_SEARCH_PATHS = (
					"$(inherited)",
					"@executable_path/Frameworks",
				);
				PRODUCT_BUNDLE_IDENTIFIER = com.yuaming.RxSwiftExamples3;
				PRODUCT_NAME = "$(TARGET_NAME)";
				SWIFT_VERSION = 4.0;
				TARGETED_DEVICE_FAMILY = "1,2";
			};
			name = Debug;
		};
		8794002A211145500043BFC6 /* Release */ = {
			isa = XCBuildConfiguration;
			baseConfigurationReference = 3B2E9D73EEE4160B92D7E709 /* Pods-RxSwiftExamples3.release.xcconfig */;
			buildSettings = {
				ASSETCATALOG_COMPILER_APPICON_NAME = AppIcon;
				CODE_SIGN_STYLE = Automatic;
				DEVELOPMENT_TEAM = T393J4TVCC;
				INFOPLIST_FILE = RxSwiftExamples3/Info.plist;
				LD_RUNPATH_SEARCH_PATHS = (
					"$(inherited)",
					"@executable_path/Frameworks",
				);
				PRODUCT_BUNDLE_IDENTIFIER = com.yuaming.RxSwiftExamples3;
				PRODUCT_NAME = "$(TARGET_NAME)";
				SWIFT_VERSION = 4.0;
				TARGETED_DEVICE_FAMILY = "1,2";
			};
			name = Release;
		};
/* End XCBuildConfiguration section */

/* Begin XCConfigurationList section */
		879400112111454F0043BFC6 /* Build configuration list for PBXProject "RxSwiftExamples3" */ = {
			isa = XCConfigurationList;
			buildConfigurations = (
				87940026211145500043BFC6 /* Debug */,
				87940027211145500043BFC6 /* Release */,
			);
			defaultConfigurationIsVisible = 0;
			defaultConfigurationName = Release;
		};
		87940028211145500043BFC6 /* Build configuration list for PBXNativeTarget "RxSwiftExamples3" */ = {
			isa = XCConfigurationList;
			buildConfigurations = (
				87940029211145500043BFC6 /* Debug */,
				8794002A211145500043BFC6 /* Release */,
			);
			defaultConfigurationIsVisible = 0;
			defaultConfigurationName = Release;
		};
/* End XCConfigurationList section */
	};
	rootObject = 8794000E2111454F0043BFC6 /* Project object */;
}
