// !$*UTF8*$!
{
	archiveVersion = 1;
	classes = {
	};
	objectVersion = 50;
	objects = {

/* Begin PBXBuildFile section */
		3A205473F48DEC9848D5C13E /* Pods_RxMacos.framework in Frameworks */ = {isa = PBXBuildFile; fileRef = C0D774E0D01C5453AF25273D /* Pods_RxMacos.framework */; };
		838247F72113E5BF00DEA1F1 /* AppDelegate.swift in Sources */ = {isa = PBXBuildFile; fileRef = 838247F62113E5BF00DEA1F1 /* AppDelegate.swift */; };
		838247F92113E5C100DEA1F1 /* Assets.xcassets in Resources */ = {isa = PBXBuildFile; fileRef = 838247F82113E5C100DEA1F1 /* Assets.xcassets */; };
		838247FC2113E5C100DEA1F1 /* MainMenu.xib in Resources */ = {isa = PBXBuildFile; fileRef = 838247FA2113E5C100DEA1F1 /* MainMenu.xib */; };
		838248052113E76800DEA1F1 /* main.swift in Sources */ = {isa = PBXBuildFile; fileRef = 838248042113E76800DEA1F1 /* main.swift */; };
		87EC4BC421148521003D0743 /* Utils.swift in Sources */ = {isa = PBXBuildFile; fileRef = 87EC4BC321148521003D0743 /* Utils.swift */; };
		87EC4BC621148542003D0743 /* BlackJack.swift in Sources */ = {isa = PBXBuildFile; fileRef = 87EC4BC521148542003D0743 /* BlackJack.swift */; };
/* End PBXBuildFile section */

/* Begin PBXFileReference section */
		838247F32113E5BF00DEA1F1 /* RxMacos.app */ = {isa = PBXFileReference; explicitFileType = wrapper.application; includeInIndex = 0; path = RxMacos.app; sourceTree = BUILT_PRODUCTS_DIR; };
		838247F62113E5BF00DEA1F1 /* AppDelegate.swift */ = {isa = PBXFileReference; lastKnownFileType = sourcecode.swift; path = AppDelegate.swift; sourceTree = "<group>"; };
		838247F82113E5C100DEA1F1 /* Assets.xcassets */ = {isa = PBXFileReference; lastKnownFileType = folder.assetcatalog; path = Assets.xcassets; sourceTree = "<group>"; };
		838247FB2113E5C100DEA1F1 /* Base */ = {isa = PBXFileReference; lastKnownFileType = file.xib; name = Base; path = Base.lproj/MainMenu.xib; sourceTree = "<group>"; };
		838247FD2113E5C100DEA1F1 /* Info.plist */ = {isa = PBXFileReference; lastKnownFileType = text.plist.xml; path = Info.plist; sourceTree = "<group>"; };
		838247FE2113E5C100DEA1F1 /* RxMacos.entitlements */ = {isa = PBXFileReference; lastKnownFileType = text.plist.entitlements; path = RxMacos.entitlements; sourceTree = "<group>"; };
		838248042113E76800DEA1F1 /* main.swift */ = {isa = PBXFileReference; lastKnownFileType = sourcecode.swift; path = main.swift; sourceTree = "<group>"; };
		87EC4BC321148521003D0743 /* Utils.swift */ = {isa = PBXFileReference; lastKnownFileType = sourcecode.swift; path = Utils.swift; sourceTree = "<group>"; };
		87EC4BC521148542003D0743 /* BlackJack.swift */ = {isa = PBXFileReference; lastKnownFileType = sourcecode.swift; path = BlackJack.swift; sourceTree = "<group>"; };
		ACA056995D3AD80D6AF06BAE /* Pods-RxMacos.release.xcconfig */ = {isa = PBXFileReference; includeInIndex = 1; lastKnownFileType = text.xcconfig; name = "Pods-RxMacos.release.xcconfig"; path = "Pods/Target Support Files/Pods-RxMacos/Pods-RxMacos.release.xcconfig"; sourceTree = "<group>"; };
		C0D0AAD575A38D9571120A65 /* Pods-RxMacos.debug.xcconfig */ = {isa = PBXFileReference; includeInIndex = 1; lastKnownFileType = text.xcconfig; name = "Pods-RxMacos.debug.xcconfig"; path = "Pods/Target Support Files/Pods-RxMacos/Pods-RxMacos.debug.xcconfig"; sourceTree = "<group>"; };
		C0D774E0D01C5453AF25273D /* Pods_RxMacos.framework */ = {isa = PBXFileReference; explicitFileType = wrapper.framework; includeInIndex = 0; path = Pods_RxMacos.framework; sourceTree = BUILT_PRODUCTS_DIR; };
/* End PBXFileReference section */

/* Begin PBXFrameworksBuildPhase section */
		838247F02113E5BF00DEA1F1 /* Frameworks */ = {
			isa = PBXFrameworksBuildPhase;
			buildActionMask = 2147483647;
			files = (
				3A205473F48DEC9848D5C13E /* Pods_RxMacos.framework in Frameworks */,
			);
			runOnlyForDeploymentPostprocessing = 0;
		};
/* End PBXFrameworksBuildPhase section */

/* Begin PBXGroup section */
		2F8BE4B5AF1874128695C064 /* Frameworks */ = {
			isa = PBXGroup;
			children = (
				C0D774E0D01C5453AF25273D /* Pods_RxMacos.framework */,
			);
			name = Frameworks;
			sourceTree = "<group>";
		};
		42C5F9B193AC80BB6D0E90A0 /* Pods */ = {
			isa = PBXGroup;
			children = (
				C0D0AAD575A38D9571120A65 /* Pods-RxMacos.debug.xcconfig */,
				ACA056995D3AD80D6AF06BAE /* Pods-RxMacos.release.xcconfig */,
			);
			name = Pods;
			sourceTree = "<group>";
		};
		838247EA2113E5BF00DEA1F1 = {
			isa = PBXGroup;
			children = (
				838247F52113E5BF00DEA1F1 /* RxMacos */,
				838247F42113E5BF00DEA1F1 /* Products */,
				42C5F9B193AC80BB6D0E90A0 /* Pods */,
				2F8BE4B5AF1874128695C064 /* Frameworks */,
			);
			sourceTree = "<group>";
		};
		838247F42113E5BF00DEA1F1 /* Products */ = {
			isa = PBXGroup;
			children = (
				838247F32113E5BF00DEA1F1 /* RxMacos.app */,
			);
			name = Products;
			sourceTree = "<group>";
		};
		838247F52113E5BF00DEA1F1 /* RxMacos */ = {
			isa = PBXGroup;
			children = (
				838247F62113E5BF00DEA1F1 /* AppDelegate.swift */,
				838248042113E76800DEA1F1 /* main.swift */,
				838247F82113E5C100DEA1F1 /* Assets.xcassets */,
				838247FA2113E5C100DEA1F1 /* MainMenu.xib */,
				838247FD2113E5C100DEA1F1 /* Info.plist */,
				838247FE2113E5C100DEA1F1 /* RxMacos.entitlements */,
				87EC4BC321148521003D0743 /* Utils.swift */,
				87EC4BC521148542003D0743 /* BlackJack.swift */,
			);
			path = RxMacos;
			sourceTree = "<group>";
		};
/* End PBXGroup section */

/* Begin PBXNativeTarget section */
		838247F22113E5BF00DEA1F1 /* RxMacos */ = {
			isa = PBXNativeTarget;
			buildConfigurationList = 838248012113E5C100DEA1F1 /* Build configuration list for PBXNativeTarget "RxMacos" */;
			buildPhases = (
				88EDA8CA7D728A6A12A4CD72 /* [CP] Check Pods Manifest.lock */,
				838247EF2113E5BF00DEA1F1 /* Sources */,
				838247F02113E5BF00DEA1F1 /* Frameworks */,
				838247F12113E5BF00DEA1F1 /* Resources */,
				301AF962C0789858F8D65716 /* [CP] Embed Pods Frameworks */,
			);
			buildRules = (
			);
			dependencies = (
			);
			name = RxMacos;
			productName = RxMacos;
			productReference = 838247F32113E5BF00DEA1F1 /* RxMacos.app */;
			productType = "com.apple.product-type.application";
		};
/* End PBXNativeTarget section */

/* Begin PBXProject section */
		838247EB2113E5BF00DEA1F1 /* Project object */ = {
			isa = PBXProject;
			attributes = {
				LastSwiftUpdateCheck = 1000;
				LastUpgradeCheck = 1000;
				ORGANIZATIONNAME = codesquad;
				TargetAttributes = {
					838247F22113E5BF00DEA1F1 = {
						CreatedOnToolsVersion = 10.0;
					};
				};
			};
			buildConfigurationList = 838247EE2113E5BF00DEA1F1 /* Build configuration list for PBXProject "RxMacos" */;
			compatibilityVersion = "Xcode 9.3";
			developmentRegion = en;
			hasScannedForEncodings = 0;
			knownRegions = (
				en,
				Base,
			);
			mainGroup = 838247EA2113E5BF00DEA1F1;
			productRefGroup = 838247F42113E5BF00DEA1F1 /* Products */;
			projectDirPath = "";
			projectRoot = "";
			targets = (
				838247F22113E5BF00DEA1F1 /* RxMacos */,
			);
		};
/* End PBXProject section */

/* Begin PBXResourcesBuildPhase section */
		838247F12113E5BF00DEA1F1 /* Resources */ = {
			isa = PBXResourcesBuildPhase;
			buildActionMask = 2147483647;
			files = (
				838247F92113E5C100DEA1F1 /* Assets.xcassets in Resources */,
				838247FC2113E5C100DEA1F1 /* MainMenu.xib in Resources */,
			);
			runOnlyForDeploymentPostprocessing = 0;
		};
/* End PBXResourcesBuildPhase section */

/* Begin PBXShellScriptBuildPhase section */
		301AF962C0789858F8D65716 /* [CP] Embed Pods Frameworks */ = {
			isa = PBXShellScriptBuildPhase;
			buildActionMask = 2147483647;
			files = (
			);
			inputPaths = (
				"${SRCROOT}/Pods/Target Support Files/Pods-RxMacos/Pods-RxMacos-frameworks.sh",
				"${BUILT_PRODUCTS_DIR}/RxCocoa/RxCocoa.framework",
				"${BUILT_PRODUCTS_DIR}/RxSwift/RxSwift.framework",
			);
			name = "[CP] Embed Pods Frameworks";
			outputPaths = (
				"${TARGET_BUILD_DIR}/${FRAMEWORKS_FOLDER_PATH}/RxCocoa.framework",
				"${TARGET_BUILD_DIR}/${FRAMEWORKS_FOLDER_PATH}/RxSwift.framework",
			);
			runOnlyForDeploymentPostprocessing = 0;
			shellPath = /bin/sh;
			shellScript = "\"${SRCROOT}/Pods/Target Support Files/Pods-RxMacos/Pods-RxMacos-frameworks.sh\"\n";
			showEnvVarsInLog = 0;
		};
		88EDA8CA7D728A6A12A4CD72 /* [CP] Check Pods Manifest.lock */ = {
			isa = PBXShellScriptBuildPhase;
			buildActionMask = 2147483647;
			files = (
			);
			inputPaths = (
				"${PODS_PODFILE_DIR_PATH}/Podfile.lock",
				"${PODS_ROOT}/Manifest.lock",
			);
			name = "[CP] Check Pods Manifest.lock";
			outputPaths = (
				"$(DERIVED_FILE_DIR)/Pods-RxMacos-checkManifestLockResult.txt",
			);
			runOnlyForDeploymentPostprocessing = 0;
			shellPath = /bin/sh;
			shellScript = "diff \"${PODS_PODFILE_DIR_PATH}/Podfile.lock\" \"${PODS_ROOT}/Manifest.lock\" > /dev/null\nif [ $? != 0 ] ; then\n    # print error to STDERR\n    echo \"error: The sandbox is not in sync with the Podfile.lock. Run 'pod install' or update your CocoaPods installation.\" >&2\n    exit 1\nfi\n# This output is used by Xcode 'outputs' to avoid re-running this script phase.\necho \"SUCCESS\" > \"${SCRIPT_OUTPUT_FILE_0}\"\n";
			showEnvVarsInLog = 0;
		};
/* End PBXShellScriptBuildPhase section */

/* Begin PBXSourcesBuildPhase section */
		838247EF2113E5BF00DEA1F1 /* Sources */ = {
			isa = PBXSourcesBuildPhase;
			buildActionMask = 2147483647;
			files = (
				87EC4BC621148542003D0743 /* BlackJack.swift in Sources */,
				838248052113E76800DEA1F1 /* main.swift in Sources */,
				838247F72113E5BF00DEA1F1 /* AppDelegate.swift in Sources */,
				87EC4BC421148521003D0743 /* Utils.swift in Sources */,
			);
			runOnlyForDeploymentPostprocessing = 0;
		};
/* End PBXSourcesBuildPhase section */

/* Begin PBXVariantGroup section */
		838247FA2113E5C100DEA1F1 /* MainMenu.xib */ = {
			isa = PBXVariantGroup;
			children = (
				838247FB2113E5C100DEA1F1 /* Base */,
			);
			name = MainMenu.xib;
			sourceTree = "<group>";
		};
/* End PBXVariantGroup section */

/* Begin XCBuildConfiguration section */
		838247FF2113E5C100DEA1F1 /* Debug */ = {
			isa = XCBuildConfiguration;
			buildSettings = {
				ALWAYS_SEARCH_USER_PATHS = NO;
				CLANG_ANALYZER_NONNULL = YES;
				CLANG_ANALYZER_NUMBER_OBJECT_CONVERSION = YES_AGGRESSIVE;
				CLANG_CXX_LANGUAGE_STANDARD = "gnu++14";
				CLANG_CXX_LIBRARY = "libc++";
				CLANG_ENABLE_MODULES = YES;
				CLANG_ENABLE_OBJC_ARC = YES;
				CLANG_ENABLE_OBJC_WEAK = YES;
				CLANG_WARN_BLOCK_CAPTURE_AUTORELEASING = YES;
				CLANG_WARN_BOOL_CONVERSION = YES;
				CLANG_WARN_COMMA = YES;
				CLANG_WARN_CONSTANT_CONVERSION = YES;
				CLANG_WARN_DEPRECATED_OBJC_IMPLEMENTATIONS = YES;
				CLANG_WARN_DIRECT_OBJC_ISA_USAGE = YES_ERROR;
				CLANG_WARN_DOCUMENTATION_COMMENTS = YES;
				CLANG_WARN_EMPTY_BODY = YES;
				CLANG_WARN_ENUM_CONVERSION = YES;
				CLANG_WARN_INFINITE_RECURSION = YES;
				CLANG_WARN_INT_CONVERSION = YES;
				CLANG_WARN_NON_LITERAL_NULL_CONVERSION = YES;
				CLANG_WARN_OBJC_IMPLICIT_RETAIN_SELF = YES;
				CLANG_WARN_OBJC_LITERAL_CONVERSION = YES;
				CLANG_WARN_OBJC_ROOT_CLASS = YES_ERROR;
				CLANG_WARN_RANGE_LOOP_ANALYSIS = YES;
				CLANG_WARN_STRICT_PROTOTYPES = YES;
				CLANG_WARN_SUSPICIOUS_MOVE = YES;
				CLANG_WARN_UNGUARDED_AVAILABILITY = YES_AGGRESSIVE;
				CLANG_WARN_UNREACHABLE_CODE = YES;
				CLANG_WARN__DUPLICATE_METHOD_MATCH = YES;
				CODE_SIGN_IDENTITY = "-";
				COPY_PHASE_STRIP = NO;
				DEBUG_INFORMATION_FORMAT = dwarf;
				ENABLE_STRICT_OBJC_MSGSEND = YES;
				ENABLE_TESTABILITY = YES;
				GCC_C_LANGUAGE_STANDARD = gnu11;
				GCC_DYNAMIC_NO_PIC = NO;
				GCC_NO_COMMON_BLOCKS = YES;
				GCC_OPTIMIZATION_LEVEL = 0;
				GCC_PREPROCESSOR_DEFINITIONS = (
					"DEBUG=1",
					"$(inherited)",
				);
				GCC_WARN_64_TO_32_BIT_CONVERSION = YES;
				GCC_WARN_ABOUT_RETURN_TYPE = YES_ERROR;
				GCC_WARN_UNDECLARED_SELECTOR = YES;
				GCC_WARN_UNINITIALIZED_AUTOS = YES_AGGRESSIVE;
				GCC_WARN_UNUSED_FUNCTION = YES;
				GCC_WARN_UNUSED_VARIABLE = YES;
				MACOSX_DEPLOYMENT_TARGET = 10.14;
				MTL_ENABLE_DEBUG_INFO = INCLUDE_SOURCE;
				MTL_FAST_MATH = YES;
				ONLY_ACTIVE_ARCH = YES;
				SDKROOT = macosx;
				SWIFT_ACTIVE_COMPILATION_CONDITIONS = DEBUG;
				SWIFT_OPTIMIZATION_LEVEL = "-Onone";
			};
			name = Debug;
		};
		838248002113E5C100DEA1F1 /* Release */ = {
			isa = XCBuildConfiguration;
			buildSettings = {
				ALWAYS_SEARCH_USER_PATHS = NO;
				CLANG_ANALYZER_NONNULL = YES;
				CLANG_ANALYZER_NUMBER_OBJECT_CONVERSION = YES_AGGRESSIVE;
				CLANG_CXX_LANGUAGE_STANDARD = "gnu++14";
				CLANG_CXX_LIBRARY = "libc++";
				CLANG_ENABLE_MODULES = YES;
				CLANG_ENABLE_OBJC_ARC = YES;
				CLANG_ENABLE_OBJC_WEAK = YES;
				CLANG_WARN_BLOCK_CAPTURE_AUTORELEASING = YES;
				CLANG_WARN_BOOL_CONVERSION = YES;
				CLANG_WARN_COMMA = YES;
				CLANG_WARN_CONSTANT_CONVERSION = YES;
				CLANG_WARN_DEPRECATED_OBJC_IMPLEMENTATIONS = YES;
				CLANG_WARN_DIRECT_OBJC_ISA_USAGE = YES_ERROR;
				CLANG_WARN_DOCUMENTATION_COMMENTS = YES;
				CLANG_WARN_EMPTY_BODY = YES;
				CLANG_WARN_ENUM_CONVERSION = YES;
				CLANG_WARN_INFINITE_RECURSION = YES;
				CLANG_WARN_INT_CONVERSION = YES;
				CLANG_WARN_NON_LITERAL_NULL_CONVERSION = YES;
				CLANG_WARN_OBJC_IMPLICIT_RETAIN_SELF = YES;
				CLANG_WARN_OBJC_LITERAL_CONVERSION = YES;
				CLANG_WARN_OBJC_ROOT_CLASS = YES_ERROR;
				CLANG_WARN_RANGE_LOOP_ANALYSIS = YES;
				CLANG_WARN_STRICT_PROTOTYPES = YES;
				CLANG_WARN_SUSPICIOUS_MOVE = YES;
				CLANG_WARN_UNGUARDED_AVAILABILITY = YES_AGGRESSIVE;
				CLANG_WARN_UNREACHABLE_CODE = YES;
				CLANG_WARN__DUPLICATE_METHOD_MATCH = YES;
				CODE_SIGN_IDENTITY = "-";
				COPY_PHASE_STRIP = NO;
				DEBUG_INFORMATION_FORMAT = "dwarf-with-dsym";
				ENABLE_NS_ASSERTIONS = NO;
				ENABLE_STRICT_OBJC_MSGSEND = YES;
				GCC_C_LANGUAGE_STANDARD = gnu11;
				GCC_NO_COMMON_BLOCKS = YES;
				GCC_WARN_64_TO_32_BIT_CONVERSION = YES;
				GCC_WARN_ABOUT_RETURN_TYPE = YES_ERROR;
				GCC_WARN_UNDECLARED_SELECTOR = YES;
				GCC_WARN_UNINITIALIZED_AUTOS = YES_AGGRESSIVE;
				GCC_WARN_UNUSED_FUNCTION = YES;
				GCC_WARN_UNUSED_VARIABLE = YES;
				MACOSX_DEPLOYMENT_TARGET = 10.14;
				MTL_ENABLE_DEBUG_INFO = NO;
				MTL_FAST_MATH = YES;
				SDKROOT = macosx;
				SWIFT_COMPILATION_MODE = wholemodule;
				SWIFT_OPTIMIZATION_LEVEL = "-O";
			};
			name = Release;
		};
		838248022113E5C100DEA1F1 /* Debug */ = {
			isa = XCBuildConfiguration;
			baseConfigurationReference = C0D0AAD575A38D9571120A65 /* Pods-RxMacos.debug.xcconfig */;
			buildSettings = {
				ASSETCATALOG_COMPILER_APPICON_NAME = AppIcon;
				CODE_SIGN_ENTITLEMENTS = RxMacos/RxMacos.entitlements;
				CODE_SIGN_IDENTITY = "Mac Developer";
				CODE_SIGN_STYLE = Automatic;
				COMBINE_HIDPI_IMAGES = YES;
				DEVELOPMENT_TEAM = B3PWYBKFUK;
				INFOPLIST_FILE = RxMacos/Info.plist;
				LD_RUNPATH_SEARCH_PATHS = (
					"$(inherited)",
					"@executable_path/../Frameworks",
				);
				MACOSX_DEPLOYMENT_TARGET = 10.13;
				PRODUCT_BUNDLE_IDENTIFIER = kr.codesquad.RxMacos;
				PRODUCT_NAME = "$(TARGET_NAME)";
				PROVISIONING_PROFILE_SPECIFIER = "";
				SWIFT_VERSION = 4.2;
			};
			name = Debug;
		};
		838248032113E5C100DEA1F1 /* Release */ = {
			isa = XCBuildConfiguration;
			baseConfigurationReference = ACA056995D3AD80D6AF06BAE /* Pods-RxMacos.release.xcconfig */;
			buildSettings = {
				ASSETCATALOG_COMPILER_APPICON_NAME = AppIcon;
				CODE_SIGN_ENTITLEMENTS = RxMacos/RxMacos.entitlements;
				CODE_SIGN_IDENTITY = "Mac Developer";
				CODE_SIGN_STYLE = Automatic;
				COMBINE_HIDPI_IMAGES = YES;
				DEVELOPMENT_TEAM = B3PWYBKFUK;
				INFOPLIST_FILE = RxMacos/Info.plist;
				LD_RUNPATH_SEARCH_PATHS = (
					"$(inherited)",
					"@executable_path/../Frameworks",
				);
				MACOSX_DEPLOYMENT_TARGET = 10.13;
				PRODUCT_BUNDLE_IDENTIFIER = kr.codesquad.RxMacos;
				PRODUCT_NAME = "$(TARGET_NAME)";
				PROVISIONING_PROFILE_SPECIFIER = "";
				SWIFT_VERSION = 4.2;
			};
			name = Release;
		};
/* End XCBuildConfiguration section */

/* Begin XCConfigurationList section */
		838247EE2113E5BF00DEA1F1 /* Build configuration list for PBXProject "RxMacos" */ = {
			isa = XCConfigurationList;
			buildConfigurations = (
				838247FF2113E5C100DEA1F1 /* Debug */,
				838248002113E5C100DEA1F1 /* Release */,
			);
			defaultConfigurationIsVisible = 0;
			defaultConfigurationName = Release;
		};
		838248012113E5C100DEA1F1 /* Build configuration list for PBXNativeTarget "RxMacos" */ = {
			isa = XCConfigurationList;
			buildConfigurations = (
				838248022113E5C100DEA1F1 /* Debug */,
				838248032113E5C100DEA1F1 /* Release */,
			);
			defaultConfigurationIsVisible = 0;
			defaultConfigurationName = Release;
		};
/* End XCConfigurationList section */
	};
	rootObject = 838247EB2113E5BF00DEA1F1 /* Project object */;
}
